PODS:
  - Crashlytics (3.3.4)
  - EAIntroView (2.7.4):
    - EARestrictedScrollView (~> 0.2.0)
  - EARestrictedScrollView (0.2.0)
  - Fabric (1.5.5):
    - Fabric/Base (= 1.5.5)
  - Fabric/Base (1.5.5)
  - MBProgressHUD (0.9.1)
  - RNCryptor (4.0.0)

DEPENDENCIES:
  - Crashlytics
  - EAIntroView (~> 2.7.0)
  - Fabric
  - MBProgressHUD (~> 0.9.1)
  - RNCryptor

SPEC CHECKSUMS:
  Crashlytics: 41c082440d2e14da444186fff65e79c0b4b35d4c
  EAIntroView: 50b85eedf414260e61330070ffe5947e72493a62
  EARestrictedScrollView: f86d61e16c61d3e93c84f8e96e83122a2a3b7631
  Fabric: 190bf1a6eb65f7500de1347d027d2e59a7e53db1
  MBProgressHUD: c47f2c166c126cf2ce36498d80f33e754d4e93ad
  RNCryptor: 59d6483908115af5c12b884db23392024e52a5fe

COCOAPODS: 0.39.0
