// !$*UTF8*$!
{
	archiveVersion = 1;
	classes = {
	};
	objectVersion = 46;
	objects = {

/* Begin PBXBuildFile section */
		137C6F8685BF99E1DBE5220E /* libPods-Pictograph.a in Frameworks */ = {isa = PBXBuildFile; fileRef = 0CC9BC52212F355074F8E00C /* libPods-Pictograph.a */; };
		661571F81BD348B6001D6B8F /* PictographTopBar.m in Sources */ = {isa = PBXBuildFile; fileRef = 661571F71BD348B6001D6B8F /* PictographTopBar.m */; settings = {ASSET_TAGS = (); }; };
		662CFC871BC2215F00A9FF28 /* UIImageCoder.m in Sources */ = {isa = PBXBuildFile; fileRef = 662CFC861BC2215F00A9FF28 /* UIImageCoder.m */; settings = {ASSET_TAGS = (); }; };
		665883171BBCC72A00CA21A9 /* main.m in Sources */ = {isa = PBXBuildFile; fileRef = 665883161BBCC72A00CA21A9 /* main.m */; };
		6658831A1BBCC72A00CA21A9 /* AppDelegate.m in Sources */ = {isa = PBXBuildFile; fileRef = 665883191BBCC72A00CA21A9 /* AppDelegate.m */; };
		6658831D1BBCC72A00CA21A9 /* PictographMainViewController.m in Sources */ = {isa = PBXBuildFile; fileRef = 6658831C1BBCC72A00CA21A9 /* PictographMainViewController.m */; };
		665883201BBCC72A00CA21A9 /* Main.storyboard in Resources */ = {isa = PBXBuildFile; fileRef = 6658831E1BBCC72A00CA21A9 /* Main.storyboard */; };
		665883221BBCC72A00CA21A9 /* Assets.xcassets in Resources */ = {isa = PBXBuildFile; fileRef = 665883211BBCC72A00CA21A9 /* Assets.xcassets */; };
		665883251BBCC72A00CA21A9 /* LaunchScreen.storyboard in Resources */ = {isa = PBXBuildFile; fileRef = 665883231BBCC72A00CA21A9 /* LaunchScreen.storyboard */; };
		665883301BBCC72A00CA21A9 /* PictographTests.m in Sources */ = {isa = PBXBuildFile; fileRef = 6658832F1BBCC72A00CA21A9 /* PictographTests.m */; };
		6658833B1BBCC72A00CA21A9 /* PictographUITests.m in Sources */ = {isa = PBXBuildFile; fileRef = 6658833A1BBCC72A00CA21A9 /* PictographUITests.m */; };
/* End PBXBuildFile section */

/* Begin PBXContainerItemProxy section */
		6658832C1BBCC72A00CA21A9 /* PBXContainerItemProxy */ = {
			isa = PBXContainerItemProxy;
			containerPortal = 6658830A1BBCC72A00CA21A9 /* Project object */;
			proxyType = 1;
			remoteGlobalIDString = 665883111BBCC72A00CA21A9;
			remoteInfo = Pictograph;
		};
		665883371BBCC72A00CA21A9 /* PBXContainerItemProxy */ = {
			isa = PBXContainerItemProxy;
			containerPortal = 6658830A1BBCC72A00CA21A9 /* Project object */;
			proxyType = 1;
			remoteGlobalIDString = 665883111BBCC72A00CA21A9;
			remoteInfo = Pictograph;
		};
/* End PBXContainerItemProxy section */

/* Begin PBXFileReference section */
		0CC9BC52212F355074F8E00C /* libPods-Pictograph.a */ = {isa = PBXFileReference; explicitFileType = archive.ar; includeInIndex = 0; path = "libPods-Pictograph.a"; sourceTree = BUILT_PRODUCTS_DIR; };
		1A3CCD2596C223F883999854 /* Pods-Pictograph.release.xcconfig */ = {isa = PBXFileReference; includeInIndex = 1; lastKnownFileType = text.xcconfig; name = "Pods-Pictograph.release.xcconfig"; path = "Pods/Target Support Files/Pods-Pictograph/Pods-Pictograph.release.xcconfig"; sourceTree = "<group>"; };
		661571F61BD348B6001D6B8F /* PictographTopBar.h */ = {isa = PBXFileReference; fileEncoding = 4; lastKnownFileType = sourcecode.c.h; name = PictographTopBar.h; path = Views/PictographTopBar.h; sourceTree = "<group>"; };
		661571F71BD348B6001D6B8F /* PictographTopBar.m */ = {isa = PBXFileReference; fileEncoding = 4; lastKnownFileType = sourcecode.c.objc; name = PictographTopBar.m; path = Views/PictographTopBar.m; sourceTree = "<group>"; };
		662CFC851BC2215F00A9FF28 /* UIImageCoder.h */ = {isa = PBXFileReference; fileEncoding = 4; lastKnownFileType = sourcecode.c.h; name = UIImageCoder.h; path = Functional/UIImageCoder.h; sourceTree = "<group>"; };
		662CFC861BC2215F00A9FF28 /* UIImageCoder.m */ = {isa = PBXFileReference; fileEncoding = 4; lastKnownFileType = sourcecode.c.objc; name = UIImageCoder.m; path = Functional/UIImageCoder.m; sourceTree = "<group>"; };
		664C8C0EC2E69E14466709C5 /* Pods-Pictograph.debug.xcconfig */ = {isa = PBXFileReference; includeInIndex = 1; lastKnownFileType = text.xcconfig; name = "Pods-Pictograph.debug.xcconfig"; path = "Pods/Target Support Files/Pods-Pictograph/Pods-Pictograph.debug.xcconfig"; sourceTree = "<group>"; };
		665883121BBCC72A00CA21A9 /* Pictograph.app */ = {isa = PBXFileReference; explicitFileType = wrapper.application; includeInIndex = 0; path = Pictograph.app; sourceTree = BUILT_PRODUCTS_DIR; };
		665883161BBCC72A00CA21A9 /* main.m */ = {isa = PBXFileReference; lastKnownFileType = sourcecode.c.objc; path = main.m; sourceTree = "<group>"; };
		665883181BBCC72A00CA21A9 /* AppDelegate.h */ = {isa = PBXFileReference; lastKnownFileType = sourcecode.c.h; path = AppDelegate.h; sourceTree = "<group>"; };
		665883191BBCC72A00CA21A9 /* AppDelegate.m */ = {isa = PBXFileReference; lastKnownFileType = sourcecode.c.objc; path = AppDelegate.m; sourceTree = "<group>"; };
		6658831B1BBCC72A00CA21A9 /* PictographMainViewController.h */ = {isa = PBXFileReference; lastKnownFileType = sourcecode.c.h; name = PictographMainViewController.h; path = "View Controllers/PictographMainViewController.h"; sourceTree = "<group>"; };
		6658831C1BBCC72A00CA21A9 /* PictographMainViewController.m */ = {isa = PBXFileReference; lastKnownFileType = sourcecode.c.objc; name = PictographMainViewController.m; path = "View Controllers/PictographMainViewController.m"; sourceTree = "<group>"; };
		6658831F1BBCC72A00CA21A9 /* Base */ = {isa = PBXFileReference; lastKnownFileType = file.storyboard; name = Base; path = Base.lproj/Main.storyboard; sourceTree = "<group>"; };
		665883211BBCC72A00CA21A9 /* Assets.xcassets */ = {isa = PBXFileReference; lastKnownFileType = folder.assetcatalog; path = Assets.xcassets; sourceTree = "<group>"; };
		665883241BBCC72A00CA21A9 /* Base */ = {isa = PBXFileReference; lastKnownFileType = file.storyboard; name = Base; path = Base.lproj/LaunchScreen.storyboard; sourceTree = "<group>"; };
		665883261BBCC72A00CA21A9 /* Info.plist */ = {isa = PBXFileReference; lastKnownFileType = text.plist.xml; path = Info.plist; sourceTree = "<group>"; };
		6658832B1BBCC72A00CA21A9 /* PictographTests.xctest */ = {isa = PBXFileReference; explicitFileType = wrapper.cfbundle; includeInIndex = 0; path = PictographTests.xctest; sourceTree = BUILT_PRODUCTS_DIR; };
		6658832F1BBCC72A00CA21A9 /* PictographTests.m */ = {isa = PBXFileReference; lastKnownFileType = sourcecode.c.objc; path = PictographTests.m; sourceTree = "<group>"; };
		665883311BBCC72A00CA21A9 /* Info.plist */ = {isa = PBXFileReference; lastKnownFileType = text.plist.xml; path = Info.plist; sourceTree = "<group>"; };
		665883361BBCC72A00CA21A9 /* PictographUITests.xctest */ = {isa = PBXFileReference; explicitFileType = wrapper.cfbundle; includeInIndex = 0; path = PictographUITests.xctest; sourceTree = BUILT_PRODUCTS_DIR; };
		6658833A1BBCC72A00CA21A9 /* PictographUITests.m */ = {isa = PBXFileReference; lastKnownFileType = sourcecode.c.objc; path = PictographUITests.m; sourceTree = "<group>"; };
		6658833C1BBCC72A00CA21A9 /* Info.plist */ = {isa = PBXFileReference; lastKnownFileType = text.plist.xml; path = Info.plist; sourceTree = "<group>"; };
/* End PBXFileReference section */

/* Begin PBXFrameworksBuildPhase section */
		6658830F1BBCC72A00CA21A9 /* Frameworks */ = {
			isa = PBXFrameworksBuildPhase;
			buildActionMask = 2147483647;
			files = (
				137C6F8685BF99E1DBE5220E /* libPods-Pictograph.a in Frameworks */,
			);
			runOnlyForDeploymentPostprocessing = 0;
		};
		665883281BBCC72A00CA21A9 /* Frameworks */ = {
			isa = PBXFrameworksBuildPhase;
			buildActionMask = 2147483647;
			files = (
			);
			runOnlyForDeploymentPostprocessing = 0;
		};
		665883331BBCC72A00CA21A9 /* Frameworks */ = {
			isa = PBXFrameworksBuildPhase;
			buildActionMask = 2147483647;
			files = (
			);
			runOnlyForDeploymentPostprocessing = 0;
		};
/* End PBXFrameworksBuildPhase section */

/* Begin PBXGroup section */
		2D5A7E0024975AC5B0BA242A /* Pods */ = {
			isa = PBXGroup;
			children = (
				664C8C0EC2E69E14466709C5 /* Pods-Pictograph.debug.xcconfig */,
				1A3CCD2596C223F883999854 /* Pods-Pictograph.release.xcconfig */,
			);
			name = Pods;
			sourceTree = "<group>";
		};
		505F38FF43FF32CED6BC288E /* Frameworks */ = {
			isa = PBXGroup;
			children = (
				0CC9BC52212F355074F8E00C /* libPods-Pictograph.a */,
			);
			name = Frameworks;
			sourceTree = "<group>";
		};
		661571F31BD3474D001D6B8F /* View Controllers */ = {
			isa = PBXGroup;
			children = (
				6658831B1BBCC72A00CA21A9 /* PictographMainViewController.h */,
				6658831C1BBCC72A00CA21A9 /* PictographMainViewController.m */,
			);
			name = "View Controllers";
			sourceTree = "<group>";
		};
		661571F41BD34761001D6B8F /* Functional */ = {
			isa = PBXGroup;
			children = (
				662CFC851BC2215F00A9FF28 /* UIImageCoder.h */,
				662CFC861BC2215F00A9FF28 /* UIImageCoder.m */,
			);
			name = Functional;
			sourceTree = "<group>";
		};
		661571F51BD3488A001D6B8F /* Views */ = {
			isa = PBXGroup;
			children = (
				661571F61BD348B6001D6B8F /* PictographTopBar.h */,
				661571F71BD348B6001D6B8F /* PictographTopBar.m */,
			);
			name = Views;
			sourceTree = "<group>";
		};
		665883091BBCC72A00CA21A9 = {
			isa = PBXGroup;
			children = (
				665883141BBCC72A00CA21A9 /* Pictograph */,
				6658832E1BBCC72A00CA21A9 /* PictographTests */,
				665883391BBCC72A00CA21A9 /* PictographUITests */,
				665883131BBCC72A00CA21A9 /* Products */,
				2D5A7E0024975AC5B0BA242A /* Pods */,
				505F38FF43FF32CED6BC288E /* Frameworks */,
			);
			sourceTree = "<group>";
		};
		665883131BBCC72A00CA21A9 /* Products */ = {
			isa = PBXGroup;
			children = (
				665883121BBCC72A00CA21A9 /* Pictograph.app */,
				6658832B1BBCC72A00CA21A9 /* PictographTests.xctest */,
				665883361BBCC72A00CA21A9 /* PictographUITests.xctest */,
			);
			name = Products;
			sourceTree = "<group>";
		};
		665883141BBCC72A00CA21A9 /* Pictograph */ = {
			isa = PBXGroup;
			children = (
				665883181BBCC72A00CA21A9 /* AppDelegate.h */,
				665883191BBCC72A00CA21A9 /* AppDelegate.m */,
				661571F51BD3488A001D6B8F /* Views */,
				661571F41BD34761001D6B8F /* Functional */,
				661571F31BD3474D001D6B8F /* View Controllers */,
				665883151BBCC72A00CA21A9 /* Supporting Files */,
			);
			path = Pictograph;
			sourceTree = "<group>";
		};
		665883151BBCC72A00CA21A9 /* Supporting Files */ = {
			isa = PBXGroup;
			children = (
				6658831E1BBCC72A00CA21A9 /* Main.storyboard */,
				665883211BBCC72A00CA21A9 /* Assets.xcassets */,
				665883231BBCC72A00CA21A9 /* LaunchScreen.storyboard */,
				665883261BBCC72A00CA21A9 /* Info.plist */,
				665883161BBCC72A00CA21A9 /* main.m */,
			);
			name = "Supporting Files";
			sourceTree = "<group>";
		};
		6658832E1BBCC72A00CA21A9 /* PictographTests */ = {
			isa = PBXGroup;
			children = (
				6658832F1BBCC72A00CA21A9 /* PictographTests.m */,
				665883311BBCC72A00CA21A9 /* Info.plist */,
			);
			path = PictographTests;
			sourceTree = "<group>";
		};
		665883391BBCC72A00CA21A9 /* PictographUITests */ = {
			isa = PBXGroup;
			children = (
				6658833A1BBCC72A00CA21A9 /* PictographUITests.m */,
				6658833C1BBCC72A00CA21A9 /* Info.plist */,
			);
			path = PictographUITests;
			sourceTree = "<group>";
		};
/* End PBXGroup section */

/* Begin PBXNativeTarget section */
		665883111BBCC72A00CA21A9 /* Pictograph */ = {
			isa = PBXNativeTarget;
			buildConfigurationList = 6658833F1BBCC72A00CA21A9 /* Build configuration list for PBXNativeTarget "Pictograph" */;
			buildPhases = (
				E9C1E1F8B7DA2621814586D8 /* Check Pods Manifest.lock */,
				6658830E1BBCC72A00CA21A9 /* Sources */,
				6658830F1BBCC72A00CA21A9 /* Frameworks */,
				665883101BBCC72A00CA21A9 /* Resources */,
				C78AF5EDCF10F97A0815D9E2 /* Copy Pods Resources */,
			);
			buildRules = (
			);
			dependencies = (
			);
			name = Pictograph;
			productName = Pictograph;
			productReference = 665883121BBCC72A00CA21A9 /* Pictograph.app */;
			productType = "com.apple.product-type.application";
		};
		6658832A1BBCC72A00CA21A9 /* PictographTests */ = {
			isa = PBXNativeTarget;
			buildConfigurationList = 665883421BBCC72A00CA21A9 /* Build configuration list for PBXNativeTarget "PictographTests" */;
			buildPhases = (
				665883271BBCC72A00CA21A9 /* Sources */,
				665883281BBCC72A00CA21A9 /* Frameworks */,
				665883291BBCC72A00CA21A9 /* Resources */,
			);
			buildRules = (
			);
			dependencies = (
				6658832D1BBCC72A00CA21A9 /* PBXTargetDependency */,
			);
			name = PictographTests;
			productName = PictographTests;
			productReference = 6658832B1BBCC72A00CA21A9 /* PictographTests.xctest */;
			productType = "com.apple.product-type.bundle.unit-test";
		};
		665883351BBCC72A00CA21A9 /* PictographUITests */ = {
			isa = PBXNativeTarget;
			buildConfigurationList = 665883451BBCC72A00CA21A9 /* Build configuration list for PBXNativeTarget "PictographUITests" */;
			buildPhases = (
				665883321BBCC72A00CA21A9 /* Sources */,
				665883331BBCC72A00CA21A9 /* Frameworks */,
				665883341BBCC72A00CA21A9 /* Resources */,
			);
			buildRules = (
			);
			dependencies = (
				665883381BBCC72A00CA21A9 /* PBXTargetDependency */,
			);
			name = PictographUITests;
			productName = PictographUITests;
			productReference = 665883361BBCC72A00CA21A9 /* PictographUITests.xctest */;
			productType = "com.apple.product-type.bundle.ui-testing";
		};
/* End PBXNativeTarget section */

/* Begin PBXProject section */
		6658830A1BBCC72A00CA21A9 /* Project object */ = {
			isa = PBXProject;
			attributes = {
				LastUpgradeCheck = 0700;
				ORGANIZATIONNAME = "Adam Boyd";
				TargetAttributes = {
					665883111BBCC72A00CA21A9 = {
						CreatedOnToolsVersion = 7.0.1;
					};
					6658832A1BBCC72A00CA21A9 = {
						CreatedOnToolsVersion = 7.0.1;
						TestTargetID = 665883111BBCC72A00CA21A9;
					};
					665883351BBCC72A00CA21A9 = {
						CreatedOnToolsVersion = 7.0.1;
						TestTargetID = 665883111BBCC72A00CA21A9;
					};
				};
			};
			buildConfigurationList = 6658830D1BBCC72A00CA21A9 /* Build configuration list for PBXProject "Pictograph" */;
			compatibilityVersion = "Xcode 3.2";
			developmentRegion = English;
			hasScannedForEncodings = 0;
			knownRegions = (
				en,
				Base,
			);
			mainGroup = 665883091BBCC72A00CA21A9;
			productRefGroup = 665883131BBCC72A00CA21A9 /* Products */;
			projectDirPath = "";
			projectRoot = "";
			targets = (
				665883111BBCC72A00CA21A9 /* Pictograph */,
				6658832A1BBCC72A00CA21A9 /* PictographTests */,
				665883351BBCC72A00CA21A9 /* PictographUITests */,
			);
		};
/* End PBXProject section */

/* Begin PBXResourcesBuildPhase section */
		665883101BBCC72A00CA21A9 /* Resources */ = {
			isa = PBXResourcesBuildPhase;
			buildActionMask = 2147483647;
			files = (
				665883251BBCC72A00CA21A9 /* LaunchScreen.storyboard in Resources */,
				665883221BBCC72A00CA21A9 /* Assets.xcassets in Resources */,
				665883201BBCC72A00CA21A9 /* Main.storyboard in Resources */,
			);
			runOnlyForDeploymentPostprocessing = 0;
		};
		665883291BBCC72A00CA21A9 /* Resources */ = {
			isa = PBXResourcesBuildPhase;
			buildActionMask = 2147483647;
			files = (
			);
			runOnlyForDeploymentPostprocessing = 0;
		};
		665883341BBCC72A00CA21A9 /* Resources */ = {
			isa = PBXResourcesBuildPhase;
			buildActionMask = 2147483647;
			files = (
			);
			runOnlyForDeploymentPostprocessing = 0;
		};
/* End PBXResourcesBuildPhase section */

/* Begin PBXShellScriptBuildPhase section */
		C78AF5EDCF10F97A0815D9E2 /* Copy Pods Resources */ = {
			isa = PBXShellScriptBuildPhase;
			buildActionMask = 2147483647;
			files = (
			);
			inputPaths = (
			);
			name = "Copy Pods Resources";
			outputPaths = (
			);
			runOnlyForDeploymentPostprocessing = 0;
			shellPath = /bin/sh;
			shellScript = "\"${SRCROOT}/Pods/Target Support Files/Pods-Pictograph/Pods-Pictograph-resources.sh\"\n";
			showEnvVarsInLog = 0;
		};
		E9C1E1F8B7DA2621814586D8 /* Check Pods Manifest.lock */ = {
			isa = PBXShellScriptBuildPhase;
			buildActionMask = 2147483647;
			files = (
			);
			inputPaths = (
			);
			name = "Check Pods Manifest.lock";
			outputPaths = (
			);
			runOnlyForDeploymentPostprocessing = 0;
			shellPath = /bin/sh;
			shellScript = "diff \"${PODS_ROOT}/../Podfile.lock\" \"${PODS_ROOT}/Manifest.lock\" > /dev/null\nif [[ $? != 0 ]] ; then\n    cat << EOM\nerror: The sandbox is not in sync with the Podfile.lock. Run 'pod install' or update your CocoaPods installation.\nEOM\n    exit 1\nfi\n";
			showEnvVarsInLog = 0;
		};
/* End PBXShellScriptBuildPhase section */

/* Begin PBXSourcesBuildPhase section */
		6658830E1BBCC72A00CA21A9 /* Sources */ = {
			isa = PBXSourcesBuildPhase;
			buildActionMask = 2147483647;
			files = (
				661571F81BD348B6001D6B8F /* PictographTopBar.m in Sources */,
				6658831D1BBCC72A00CA21A9 /* PictographMainViewController.m in Sources */,
				6658831A1BBCC72A00CA21A9 /* AppDelegate.m in Sources */,
				665883171BBCC72A00CA21A9 /* main.m in Sources */,
				662CFC871BC2215F00A9FF28 /* UIImageCoder.m in Sources */,
			);
			runOnlyForDeploymentPostprocessing = 0;
		};
		665883271BBCC72A00CA21A9 /* Sources */ = {
			isa = PBXSourcesBuildPhase;
			buildActionMask = 2147483647;
			files = (
				665883301BBCC72A00CA21A9 /* PictographTests.m in Sources */,
			);
			runOnlyForDeploymentPostprocessing = 0;
		};
		665883321BBCC72A00CA21A9 /* Sources */ = {
			isa = PBXSourcesBuildPhase;
			buildActionMask = 2147483647;
			files = (
				6658833B1BBCC72A00CA21A9 /* PictographUITests.m in Sources */,
			);
			runOnlyForDeploymentPostprocessing = 0;
		};
/* End PBXSourcesBuildPhase section */

/* Begin PBXTargetDependency section */
		6658832D1BBCC72A00CA21A9 /* PBXTargetDependency */ = {
			isa = PBXTargetDependency;
			target = 665883111BBCC72A00CA21A9 /* Pictograph */;
			targetProxy = 6658832C1BBCC72A00CA21A9 /* PBXContainerItemProxy */;
		};
		665883381BBCC72A00CA21A9 /* PBXTargetDependency */ = {
			isa = PBXTargetDependency;
			target = 665883111BBCC72A00CA21A9 /* Pictograph */;
			targetProxy = 665883371BBCC72A00CA21A9 /* PBXContainerItemProxy */;
		};
/* End PBXTargetDependency section */

/* Begin PBXVariantGroup section */
		6658831E1BBCC72A00CA21A9 /* Main.storyboard */ = {
			isa = PBXVariantGroup;
			children = (
				6658831F1BBCC72A00CA21A9 /* Base */,
			);
			name = Main.storyboard;
			sourceTree = "<group>";
		};
		665883231BBCC72A00CA21A9 /* LaunchScreen.storyboard */ = {
			isa = PBXVariantGroup;
			children = (
				665883241BBCC72A00CA21A9 /* Base */,
			);
			name = LaunchScreen.storyboard;
			sourceTree = "<group>";
		};
/* End PBXVariantGroup section */

/* Begin XCBuildConfiguration section */
		6658833D1BBCC72A00CA21A9 /* Debug */ = {
			isa = XCBuildConfiguration;
			buildSettings = {
				ALWAYS_SEARCH_USER_PATHS = NO;
				CLANG_CXX_LANGUAGE_STANDARD = "gnu++0x";
				CLANG_CXX_LIBRARY = "libc++";
				CLANG_ENABLE_MODULES = YES;
				CLANG_ENABLE_OBJC_ARC = YES;
				CLANG_WARN_BOOL_CONVERSION = YES;
				CLANG_WARN_CONSTANT_CONVERSION = YES;
				CLANG_WARN_DIRECT_OBJC_ISA_USAGE = YES_ERROR;
				CLANG_WARN_EMPTY_BODY = YES;
				CLANG_WARN_ENUM_CONVERSION = YES;
				CLANG_WARN_INT_CONVERSION = YES;
				CLANG_WARN_OBJC_ROOT_CLASS = YES_ERROR;
				CLANG_WARN_UNREACHABLE_CODE = YES;
				CLANG_WARN__DUPLICATE_METHOD_MATCH = YES;
				"CODE_SIGN_IDENTITY[sdk=iphoneos*]" = "iPhone Developer";
				COPY_PHASE_STRIP = NO;
				DEBUG_INFORMATION_FORMAT = dwarf;
				ENABLE_STRICT_OBJC_MSGSEND = YES;
				ENABLE_TESTABILITY = YES;
				GCC_C_LANGUAGE_STANDARD = gnu99;
				GCC_DYNAMIC_NO_PIC = NO;
				GCC_NO_COMMON_BLOCKS = YES;
				GCC_OPTIMIZATION_LEVEL = 0;
				GCC_PREPROCESSOR_DEFINITIONS = (
					"DEBUG=1",
					"$(inherited)",
				);
				GCC_WARN_64_TO_32_BIT_CONVERSION = YES;
				GCC_WARN_ABOUT_RETURN_TYPE = YES_ERROR;
				GCC_WARN_UNDECLARED_SELECTOR = YES;
				GCC_WARN_UNINITIALIZED_AUTOS = YES_AGGRESSIVE;
				GCC_WARN_UNUSED_FUNCTION = YES;
				GCC_WARN_UNUSED_VARIABLE = YES;
				IPHONEOS_DEPLOYMENT_TARGET = 9.0;
				MTL_ENABLE_DEBUG_INFO = YES;
				ONLY_ACTIVE_ARCH = YES;
				SDKROOT = iphoneos;
				TARGETED_DEVICE_FAMILY = "1,2";
			};
			name = Debug;
		};
		6658833E1BBCC72A00CA21A9 /* Release */ = {
			isa = XCBuildConfiguration;
			buildSettings = {
				ALWAYS_SEARCH_USER_PATHS = NO;
				CLANG_CXX_LANGUAGE_STANDARD = "gnu++0x";
				CLANG_CXX_LIBRARY = "libc++";
				CLANG_ENABLE_MODULES = YES;
				CLANG_ENABLE_OBJC_ARC = YES;
				CLANG_WARN_BOOL_CONVERSION = YES;
				CLANG_WARN_CONSTANT_CONVERSION = YES;
				CLANG_WARN_DIRECT_OBJC_ISA_USAGE = YES_ERROR;
				CLANG_WARN_EMPTY_BODY = YES;
				CLANG_WARN_ENUM_CONVERSION = YES;
				CLANG_WARN_INT_CONVERSION = YES;
				CLANG_WARN_OBJC_ROOT_CLASS = YES_ERROR;
				CLANG_WARN_UNREACHABLE_CODE = YES;
				CLANG_WARN__DUPLICATE_METHOD_MATCH = YES;
				"CODE_SIGN_IDENTITY[sdk=iphoneos*]" = "iPhone Developer";
				COPY_PHASE_STRIP = NO;
				DEBUG_INFORMATION_FORMAT = "dwarf-with-dsym";
				ENABLE_NS_ASSERTIONS = NO;
				ENABLE_STRICT_OBJC_MSGSEND = YES;
				GCC_C_LANGUAGE_STANDARD = gnu99;
				GCC_NO_COMMON_BLOCKS = YES;
				GCC_WARN_64_TO_32_BIT_CONVERSION = YES;
				GCC_WARN_ABOUT_RETURN_TYPE = YES_ERROR;
				GCC_WARN_UNDECLARED_SELECTOR = YES;
				GCC_WARN_UNINITIALIZED_AUTOS = YES_AGGRESSIVE;
				GCC_WARN_UNUSED_FUNCTION = YES;
				GCC_WARN_UNUSED_VARIABLE = YES;
				IPHONEOS_DEPLOYMENT_TARGET = 9.0;
				MTL_ENABLE_DEBUG_INFO = NO;
				SDKROOT = iphoneos;
				TARGETED_DEVICE_FAMILY = "1,2";
				VALIDATE_PRODUCT = YES;
			};
			name = Release;
		};
		665883401BBCC72A00CA21A9 /* Debug */ = {
			isa = XCBuildConfiguration;
			baseConfigurationReference = 664C8C0EC2E69E14466709C5 /* Pods-Pictograph.debug.xcconfig */;
			buildSettings = {
				ASSETCATALOG_COMPILER_APPICON_NAME = AppIcon;
				INFOPLIST_FILE = Pictograph/Info.plist;
				LD_RUNPATH_SEARCH_PATHS = "$(inherited) @executable_path/Frameworks";
				PRODUCT_BUNDLE_IDENTIFIER = "Adam-Boyd.Pictograph";
				PRODUCT_NAME = "$(TARGET_NAME)";
			};
			name = Debug;
		};
		665883411BBCC72A00CA21A9 /* Release */ = {
			isa = XCBuildConfiguration;
			baseConfigurationReference = 1A3CCD2596C223F883999854 /* Pods-Pictograph.release.xcconfig */;
			buildSettings = {
				ASSETCATALOG_COMPILER_APPICON_NAME = AppIcon;
				INFOPLIST_FILE = Pictograph/Info.plist;
				LD_RUNPATH_SEARCH_PATHS = "$(inherited) @executable_path/Frameworks";
				PRODUCT_BUNDLE_IDENTIFIER = "Adam-Boyd.Pictograph";
				PRODUCT_NAME = "$(TARGET_NAME)";
			};
			name = Release;
		};
		665883431BBCC72A00CA21A9 /* Debug */ = {
			isa = XCBuildConfiguration;
			buildSettings = {
				BUNDLE_LOADER = "$(TEST_HOST)";
				INFOPLIST_FILE = PictographTests/Info.plist;
				LD_RUNPATH_SEARCH_PATHS = "$(inherited) @executable_path/Frameworks @loader_path/Frameworks";
				PRODUCT_BUNDLE_IDENTIFIER = "Adam-Boyd.PictographTests";
				PRODUCT_NAME = "$(TARGET_NAME)";
				TEST_HOST = "$(BUILT_PRODUCTS_DIR)/Pictograph.app/Pictograph";
			};
			name = Debug;
		};
		665883441BBCC72A00CA21A9 /* Release */ = {
			isa = XCBuildConfiguration;
			buildSettings = {
				BUNDLE_LOADER = "$(TEST_HOST)";
				INFOPLIST_FILE = PictographTests/Info.plist;
				LD_RUNPATH_SEARCH_PATHS = "$(inherited) @executable_path/Frameworks @loader_path/Frameworks";
				PRODUCT_BUNDLE_IDENTIFIER = "Adam-Boyd.PictographTests";
				PRODUCT_NAME = "$(TARGET_NAME)";
				TEST_HOST = "$(BUILT_PRODUCTS_DIR)/Pictograph.app/Pictograph";
			};
			name = Release;
		};
		665883461BBCC72A00CA21A9 /* Debug */ = {
			isa = XCBuildConfiguration;
			buildSettings = {
				INFOPLIST_FILE = PictographUITests/Info.plist;
				LD_RUNPATH_SEARCH_PATHS = "$(inherited) @executable_path/Frameworks @loader_path/Frameworks";
				PRODUCT_BUNDLE_IDENTIFIER = "Adam-Boyd.PictographUITests";
				PRODUCT_NAME = "$(TARGET_NAME)";
				TEST_TARGET_NAME = Pictograph;
				USES_XCTRUNNER = YES;
			};
			name = Debug;
		};
		665883471BBCC72A00CA21A9 /* Release */ = {
			isa = XCBuildConfiguration;
			buildSettings = {
				INFOPLIST_FILE = PictographUITests/Info.plist;
				LD_RUNPATH_SEARCH_PATHS = "$(inherited) @executable_path/Frameworks @loader_path/Frameworks";
				PRODUCT_BUNDLE_IDENTIFIER = "Adam-Boyd.PictographUITests";
				PRODUCT_NAME = "$(TARGET_NAME)";
				TEST_TARGET_NAME = Pictograph;
				USES_XCTRUNNER = YES;
			};
			name = Release;
		};
/* End XCBuildConfiguration section */

/* Begin XCConfigurationList section */
		6658830D1BBCC72A00CA21A9 /* Build configuration list for PBXProject "Pictograph" */ = {
			isa = XCConfigurationList;
			buildConfigurations = (
				6658833D1BBCC72A00CA21A9 /* Debug */,
				6658833E1BBCC72A00CA21A9 /* Release */,
			);
			defaultConfigurationIsVisible = 0;
			defaultConfigurationName = Release;
		};
		6658833F1BBCC72A00CA21A9 /* Build configuration list for PBXNativeTarget "Pictograph" */ = {
			isa = XCConfigurationList;
			buildConfigurations = (
				665883401BBCC72A00CA21A9 /* Debug */,
				665883411BBCC72A00CA21A9 /* Release */,
			);
			defaultConfigurationIsVisible = 0;
			defaultConfigurationName = Release;
		};
		665883421BBCC72A00CA21A9 /* Build configuration list for PBXNativeTarget "PictographTests" */ = {
			isa = XCConfigurationList;
			buildConfigurations = (
				665883431BBCC72A00CA21A9 /* Debug */,
				665883441BBCC72A00CA21A9 /* Release */,
			);
			defaultConfigurationIsVisible = 0;
			defaultConfigurationName = Release;
		};
		665883451BBCC72A00CA21A9 /* Build configuration list for PBXNativeTarget "PictographUITests" */ = {
			isa = XCConfigurationList;
			buildConfigurations = (
				665883461BBCC72A00CA21A9 /* Debug */,
				665883471BBCC72A00CA21A9 /* Release */,
			);
			defaultConfigurationIsVisible = 0;
			defaultConfigurationName = Release;
		};
/* End XCConfigurationList section */
	};
	rootObject = 6658830A1BBCC72A00CA21A9 /* Project object */;
}
