// !$*UTF8*$!
{
	archiveVersion = 1;
	classes = {
	};
	objectVersion = 46;
	objects = {

/* Begin PBXBuildFile section */
		27E6ACFA9C74B4E456C9C30B /* Pods_Pictograph.framework in Frameworks */ = {isa = PBXBuildFile; fileRef = 7B282741E3A9E474CCACFAD3 /* Pods_Pictograph.framework */; };
		660069791C552C6100BA1672 /* AppDelegateExtension.swift in Sources */ = {isa = PBXBuildFile; fileRef = 660069781C552C6100BA1672 /* AppDelegateExtension.swift */; };
		6600697C1C5531A700BA1672 /* UIImage+CreateImageFromColor.swift in Sources */ = {isa = PBXBuildFile; fileRef = 6600697B1C5531A700BA1672 /* UIImage+CreateImageFromColor.swift */; };
		660BA01B1BDDA59F00605EE8 /* AppDelegate.swift in Sources */ = {isa = PBXBuildFile; fileRef = 660BA01A1BDDA59F00605EE8 /* AppDelegate.swift */; };
		660BA0601BDDAB0E00605EE8 /* PictographHighlightButton.swift in Sources */ = {isa = PBXBuildFile; fileRef = 660BA05F1BDDAB0D00605EE8 /* PictographHighlightButton.swift */; };
		660BA0621BDDAE9D00605EE8 /* PictographInsetTextField.swift in Sources */ = {isa = PBXBuildFile; fileRef = 660BA0611BDDAE9D00605EE8 /* PictographInsetTextField.swift */; };
		660BA0661BDDB1AE00605EE8 /* CurrentUser.swift in Sources */ = {isa = PBXBuildFile; fileRef = 660BA0651BDDB1AE00605EE8 /* CurrentUser.swift */; };
		662CFC871BC2215F00A9FF28 /* UIImageCoder.m in Sources */ = {isa = PBXBuildFile; fileRef = 662CFC861BC2215F00A9FF28 /* UIImageCoder.m */; };
		6647B4391BDDB91900235E04 /* PictographDataController.swift in Sources */ = {isa = PBXBuildFile; fileRef = 6647B4381BDDB91800235E04 /* PictographDataController.swift */; };
		6647B43B1BDDCE9800235E04 /* PictographMainViewController.swift in Sources */ = {isa = PBXBuildFile; fileRef = 6647B43A1BDDCE9800235E04 /* PictographMainViewController.swift */; };
		6647B43D1BDEF5BF00235E04 /* IntroView.swift in Sources */ = {isa = PBXBuildFile; fileRef = 6647B43C1BDEF5BF00235E04 /* IntroView.swift */; };
		6647B43F1BDF022E00235E04 /* SettingsViewController.swift in Sources */ = {isa = PBXBuildFile; fileRef = 6647B43E1BDF022E00235E04 /* SettingsViewController.swift */; };
		6647B4411BDF052E00235E04 /* PictographViewController.swift in Sources */ = {isa = PBXBuildFile; fileRef = 6647B4401BDF052E00235E04 /* PictographViewController.swift */; };
		6647B4441BDF0B7E00235E04 /* PictographSettingsTableViewCell.swift in Sources */ = {isa = PBXBuildFile; fileRef = 6647B4431BDF0B7E00235E04 /* PictographSettingsTableViewCell.swift */; };
		6647B4481BDF230A00235E04 /* SettingsFooterView.swift in Sources */ = {isa = PBXBuildFile; fileRef = 6647B4471BDF230A00235E04 /* SettingsFooterView.swift */; };
		6647B44A1BDF294900235E04 /* PictographConstants.swift in Sources */ = {isa = PBXBuildFile; fileRef = 6647B4491BDF294900235E04 /* PictographConstants.swift */; };
		6647B44D1BDF2CE700235E04 /* MainEncodingView.swift in Sources */ = {isa = PBXBuildFile; fileRef = 6647B44C1BDF2CE700235E04 /* MainEncodingView.swift */; };
		665883221BBCC72A00CA21A9 /* Assets.xcassets in Resources */ = {isa = PBXBuildFile; fileRef = 665883211BBCC72A00CA21A9 /* Assets.xcassets */; };
		665883251BBCC72A00CA21A9 /* LaunchScreen.storyboard in Resources */ = {isa = PBXBuildFile; fileRef = 665883231BBCC72A00CA21A9 /* LaunchScreen.storyboard */; };
		6658833B1BBCC72A00CA21A9 /* PictographUITests.m in Sources */ = {isa = PBXBuildFile; fileRef = 6658833A1BBCC72A00CA21A9 /* PictographUITests.m */; };
		66B187441C553D660057259F /* CreatesNavigationTitle.swift in Sources */ = {isa = PBXBuildFile; fileRef = 66B187431C553D660057259F /* CreatesNavigationTitle.swift */; };
		66C58B6A1C1D2FF700C10A06 /* PictographTests.swift in Sources */ = {isa = PBXBuildFile; fileRef = 66C58B691C1D2FF700C10A06 /* PictographTests.swift */; };
		7C2A5D35939274085DA24564 /* Pods_PictographTests.framework in Frameworks */ = {isa = PBXBuildFile; fileRef = DC099D02965E45B0D324E031 /* Pods_PictographTests.framework */; };
		85B5DAD45526AD2A1DFC3A16 /* Pods_PictographUITests.framework in Frameworks */ = {isa = PBXBuildFile; fileRef = 7B0493DE2DEC4D7878ECF645 /* Pods_PictographUITests.framework */; };
/* End PBXBuildFile section */

/* Begin PBXContainerItemProxy section */
		6658832C1BBCC72A00CA21A9 /* PBXContainerItemProxy */ = {
			isa = PBXContainerItemProxy;
			containerPortal = 6658830A1BBCC72A00CA21A9 /* Project object */;
			proxyType = 1;
			remoteGlobalIDString = 665883111BBCC72A00CA21A9;
			remoteInfo = Pictograph;
		};
		665883371BBCC72A00CA21A9 /* PBXContainerItemProxy */ = {
			isa = PBXContainerItemProxy;
			containerPortal = 6658830A1BBCC72A00CA21A9 /* Project object */;
			proxyType = 1;
			remoteGlobalIDString = 665883111BBCC72A00CA21A9;
			remoteInfo = Pictograph;
		};
/* End PBXContainerItemProxy section */

/* Begin PBXFileReference section */
		3C713F8D0C59FEC401E4FD69 /* Pods-PictographTests.release.xcconfig */ = {isa = PBXFileReference; includeInIndex = 1; lastKnownFileType = text.xcconfig; name = "Pods-PictographTests.release.xcconfig"; path = "Pods/Target Support Files/Pods-PictographTests/Pods-PictographTests.release.xcconfig"; sourceTree = "<group>"; };
		660069781C552C6100BA1672 /* AppDelegateExtension.swift */ = {isa = PBXFileReference; fileEncoding = 4; lastKnownFileType = sourcecode.swift; name = AppDelegateExtension.swift; path = Extensions/AppDelegateExtension.swift; sourceTree = "<group>"; };
		6600697B1C5531A700BA1672 /* UIImage+CreateImageFromColor.swift */ = {isa = PBXFileReference; fileEncoding = 4; lastKnownFileType = sourcecode.swift; name = "UIImage+CreateImageFromColor.swift"; path = "Extensions/UIImage+CreateImageFromColor.swift"; sourceTree = "<group>"; };
		660BA0191BDDA59F00605EE8 /* Pictograph-Bridging-Header.h */ = {isa = PBXFileReference; lastKnownFileType = sourcecode.c.h; path = "Pictograph-Bridging-Header.h"; sourceTree = "<group>"; };
		660BA01A1BDDA59F00605EE8 /* AppDelegate.swift */ = {isa = PBXFileReference; fileEncoding = 4; lastKnownFileType = sourcecode.swift; path = AppDelegate.swift; sourceTree = "<group>"; };
		660BA05F1BDDAB0D00605EE8 /* PictographHighlightButton.swift */ = {isa = PBXFileReference; fileEncoding = 4; lastKnownFileType = sourcecode.swift; name = PictographHighlightButton.swift; path = Views/PictographHighlightButton.swift; sourceTree = "<group>"; };
		660BA0611BDDAE9D00605EE8 /* PictographInsetTextField.swift */ = {isa = PBXFileReference; fileEncoding = 4; lastKnownFileType = sourcecode.swift; name = PictographInsetTextField.swift; path = Views/PictographInsetTextField.swift; sourceTree = "<group>"; };
		660BA0651BDDB1AE00605EE8 /* CurrentUser.swift */ = {isa = PBXFileReference; fileEncoding = 4; lastKnownFileType = sourcecode.swift; name = CurrentUser.swift; path = Models/CurrentUser.swift; sourceTree = "<group>"; };
		662CFC851BC2215F00A9FF28 /* UIImageCoder.h */ = {isa = PBXFileReference; fileEncoding = 4; lastKnownFileType = sourcecode.c.h; name = UIImageCoder.h; path = Functional/UIImageCoder.h; sourceTree = "<group>"; };
		662CFC861BC2215F00A9FF28 /* UIImageCoder.m */ = {isa = PBXFileReference; fileEncoding = 4; lastKnownFileType = sourcecode.c.objc; name = UIImageCoder.m; path = Functional/UIImageCoder.m; sourceTree = "<group>"; };
		6647B4381BDDB91800235E04 /* PictographDataController.swift */ = {isa = PBXFileReference; fileEncoding = 4; lastKnownFileType = sourcecode.swift; name = PictographDataController.swift; path = "Other Controllers/PictographDataController.swift"; sourceTree = "<group>"; };
		6647B43A1BDDCE9800235E04 /* PictographMainViewController.swift */ = {isa = PBXFileReference; fileEncoding = 4; lastKnownFileType = sourcecode.swift; name = PictographMainViewController.swift; path = "View Controllers/PictographMainViewController.swift"; sourceTree = "<group>"; };
		6647B43C1BDEF5BF00235E04 /* IntroView.swift */ = {isa = PBXFileReference; fileEncoding = 4; lastKnownFileType = sourcecode.swift; name = IntroView.swift; path = Functional/IntroView.swift; sourceTree = "<group>"; };
		6647B43E1BDF022E00235E04 /* SettingsViewController.swift */ = {isa = PBXFileReference; fileEncoding = 4; lastKnownFileType = sourcecode.swift; name = SettingsViewController.swift; path = "View Controllers/SettingsViewController.swift"; sourceTree = "<group>"; };
		6647B4401BDF052E00235E04 /* PictographViewController.swift */ = {isa = PBXFileReference; fileEncoding = 4; lastKnownFileType = sourcecode.swift; name = PictographViewController.swift; path = "View Controllers/PictographViewController.swift"; sourceTree = "<group>"; };
		6647B4431BDF0B7E00235E04 /* PictographSettingsTableViewCell.swift */ = {isa = PBXFileReference; fileEncoding = 4; lastKnownFileType = sourcecode.swift; name = PictographSettingsTableViewCell.swift; path = Views/PictographSettingsTableViewCell.swift; sourceTree = "<group>"; };
		6647B4471BDF230A00235E04 /* SettingsFooterView.swift */ = {isa = PBXFileReference; fileEncoding = 4; lastKnownFileType = sourcecode.swift; name = SettingsFooterView.swift; path = Views/SettingsFooterView.swift; sourceTree = "<group>"; };
		6647B4491BDF294900235E04 /* PictographConstants.swift */ = {isa = PBXFileReference; fileEncoding = 4; lastKnownFileType = sourcecode.swift; name = PictographConstants.swift; path = Constants/PictographConstants.swift; sourceTree = "<group>"; };
		6647B44C1BDF2CE700235E04 /* MainEncodingView.swift */ = {isa = PBXFileReference; fileEncoding = 4; lastKnownFileType = sourcecode.swift; name = MainEncodingView.swift; path = Views/MainEncodingView.swift; sourceTree = "<group>"; };
		665883121BBCC72A00CA21A9 /* Pictograph.app */ = {isa = PBXFileReference; explicitFileType = wrapper.application; includeInIndex = 0; path = Pictograph.app; sourceTree = BUILT_PRODUCTS_DIR; };
		665883211BBCC72A00CA21A9 /* Assets.xcassets */ = {isa = PBXFileReference; lastKnownFileType = folder.assetcatalog; path = Assets.xcassets; sourceTree = "<group>"; };
		665883241BBCC72A00CA21A9 /* Base */ = {isa = PBXFileReference; lastKnownFileType = file.storyboard; name = Base; path = Base.lproj/LaunchScreen.storyboard; sourceTree = "<group>"; };
		665883261BBCC72A00CA21A9 /* Info.plist */ = {isa = PBXFileReference; lastKnownFileType = text.plist.xml; path = Info.plist; sourceTree = "<group>"; };
		6658832B1BBCC72A00CA21A9 /* PictographTests.xctest */ = {isa = PBXFileReference; explicitFileType = wrapper.cfbundle; includeInIndex = 0; path = PictographTests.xctest; sourceTree = BUILT_PRODUCTS_DIR; };
		665883311BBCC72A00CA21A9 /* Info.plist */ = {isa = PBXFileReference; lastKnownFileType = text.plist.xml; path = Info.plist; sourceTree = "<group>"; };
		665883361BBCC72A00CA21A9 /* PictographUITests.xctest */ = {isa = PBXFileReference; explicitFileType = wrapper.cfbundle; includeInIndex = 0; path = PictographUITests.xctest; sourceTree = BUILT_PRODUCTS_DIR; };
		6658833A1BBCC72A00CA21A9 /* PictographUITests.m */ = {isa = PBXFileReference; lastKnownFileType = sourcecode.c.objc; path = PictographUITests.m; sourceTree = "<group>"; };
		6658833C1BBCC72A00CA21A9 /* Info.plist */ = {isa = PBXFileReference; lastKnownFileType = text.plist.xml; path = Info.plist; sourceTree = "<group>"; };
		669DFD0E1BD561FA00A0BAC2 /* EncodingErrors.h */ = {isa = PBXFileReference; fileEncoding = 4; lastKnownFileType = sourcecode.c.h; name = EncodingErrors.h; path = Errors/EncodingErrors.h; sourceTree = "<group>"; };
		66B187431C553D660057259F /* CreatesNavigationTitle.swift */ = {isa = PBXFileReference; fileEncoding = 4; lastKnownFileType = sourcecode.swift; name = CreatesNavigationTitle.swift; path = Protocols/CreatesNavigationTitle.swift; sourceTree = "<group>"; };
		66C58B681C1D2FF700C10A06 /* PictographTests-Bridging-Header.h */ = {isa = PBXFileReference; lastKnownFileType = sourcecode.c.h; path = "PictographTests-Bridging-Header.h"; sourceTree = "<group>"; };
		66C58B691C1D2FF700C10A06 /* PictographTests.swift */ = {isa = PBXFileReference; fileEncoding = 4; lastKnownFileType = sourcecode.swift; path = PictographTests.swift; sourceTree = "<group>"; };
		7B0493DE2DEC4D7878ECF645 /* Pods_PictographUITests.framework */ = {isa = PBXFileReference; explicitFileType = wrapper.framework; includeInIndex = 0; path = Pods_PictographUITests.framework; sourceTree = BUILT_PRODUCTS_DIR; };
		7B282741E3A9E474CCACFAD3 /* Pods_Pictograph.framework */ = {isa = PBXFileReference; explicitFileType = wrapper.framework; includeInIndex = 0; path = Pods_Pictograph.framework; sourceTree = BUILT_PRODUCTS_DIR; };
		9060C7E7281D0FCEEC49EEEF /* Pods-Pictograph.release.xcconfig */ = {isa = PBXFileReference; includeInIndex = 1; lastKnownFileType = text.xcconfig; name = "Pods-Pictograph.release.xcconfig"; path = "Pods/Target Support Files/Pods-Pictograph/Pods-Pictograph.release.xcconfig"; sourceTree = "<group>"; };
		98A0A9CF4FB23A5E0E184484 /* Pods-PictographUITests.debug.xcconfig */ = {isa = PBXFileReference; includeInIndex = 1; lastKnownFileType = text.xcconfig; name = "Pods-PictographUITests.debug.xcconfig"; path = "Pods/Target Support Files/Pods-PictographUITests/Pods-PictographUITests.debug.xcconfig"; sourceTree = "<group>"; };
		B4B622BB77E2CDC0B762E8FD /* Pods-Pictograph.debug.xcconfig */ = {isa = PBXFileReference; includeInIndex = 1; lastKnownFileType = text.xcconfig; name = "Pods-Pictograph.debug.xcconfig"; path = "Pods/Target Support Files/Pods-Pictograph/Pods-Pictograph.debug.xcconfig"; sourceTree = "<group>"; };
		D37635E967A9E7155D358111 /* Pods-PictographUITests.release.xcconfig */ = {isa = PBXFileReference; includeInIndex = 1; lastKnownFileType = text.xcconfig; name = "Pods-PictographUITests.release.xcconfig"; path = "Pods/Target Support Files/Pods-PictographUITests/Pods-PictographUITests.release.xcconfig"; sourceTree = "<group>"; };
		D7932AB70CF6D0116191AD8C /* Pods-PictographTests.debug.xcconfig */ = {isa = PBXFileReference; includeInIndex = 1; lastKnownFileType = text.xcconfig; name = "Pods-PictographTests.debug.xcconfig"; path = "Pods/Target Support Files/Pods-PictographTests/Pods-PictographTests.debug.xcconfig"; sourceTree = "<group>"; };
		DC099D02965E45B0D324E031 /* Pods_PictographTests.framework */ = {isa = PBXFileReference; explicitFileType = wrapper.framework; includeInIndex = 0; path = Pods_PictographTests.framework; sourceTree = BUILT_PRODUCTS_DIR; };
/* End PBXFileReference section */

/* Begin PBXFrameworksBuildPhase section */
		6658830F1BBCC72A00CA21A9 /* Frameworks */ = {
			isa = PBXFrameworksBuildPhase;
			buildActionMask = 2147483647;
			files = (
				27E6ACFA9C74B4E456C9C30B /* Pods_Pictograph.framework in Frameworks */,
			);
			runOnlyForDeploymentPostprocessing = 0;
		};
		665883281BBCC72A00CA21A9 /* Frameworks */ = {
			isa = PBXFrameworksBuildPhase;
			buildActionMask = 2147483647;
			files = (
				7C2A5D35939274085DA24564 /* Pods_PictographTests.framework in Frameworks */,
			);
			runOnlyForDeploymentPostprocessing = 0;
		};
		665883331BBCC72A00CA21A9 /* Frameworks */ = {
			isa = PBXFrameworksBuildPhase;
			buildActionMask = 2147483647;
			files = (
				85B5DAD45526AD2A1DFC3A16 /* Pods_PictographUITests.framework in Frameworks */,
			);
			runOnlyForDeploymentPostprocessing = 0;
		};
/* End PBXFrameworksBuildPhase section */

/* Begin PBXGroup section */
		0BEF962BAD82A20EF5B1E3B5 /* Frameworks */ = {
			isa = PBXGroup;
			children = (
				7B282741E3A9E474CCACFAD3 /* Pods_Pictograph.framework */,
				DC099D02965E45B0D324E031 /* Pods_PictographTests.framework */,
				7B0493DE2DEC4D7878ECF645 /* Pods_PictographUITests.framework */,
			);
			name = Frameworks;
			sourceTree = "<group>";
		};
		5B497145D3CECCE6D0C6598D /* Pods */ = {
			isa = PBXGroup;
			children = (
				B4B622BB77E2CDC0B762E8FD /* Pods-Pictograph.debug.xcconfig */,
				9060C7E7281D0FCEEC49EEEF /* Pods-Pictograph.release.xcconfig */,
				D7932AB70CF6D0116191AD8C /* Pods-PictographTests.debug.xcconfig */,
				3C713F8D0C59FEC401E4FD69 /* Pods-PictographTests.release.xcconfig */,
				98A0A9CF4FB23A5E0E184484 /* Pods-PictographUITests.debug.xcconfig */,
				D37635E967A9E7155D358111 /* Pods-PictographUITests.release.xcconfig */,
			);
			name = Pods;
			sourceTree = "<group>";
		};
		6600697A1C552C6D00BA1672 /* Extensions */ = {
			isa = PBXGroup;
			children = (
				660069781C552C6100BA1672 /* AppDelegateExtension.swift */,
				6600697B1C5531A700BA1672 /* UIImage+CreateImageFromColor.swift */,
			);
			name = Extensions;
			sourceTree = "<group>";
		};
		661571F31BD3474D001D6B8F /* View Controllers */ = {
			isa = PBXGroup;
			children = (
				6647B4421BDF05C000235E04 /* Base View Controllers */,
				6647B43A1BDDCE9800235E04 /* PictographMainViewController.swift */,
				6647B43E1BDF022E00235E04 /* SettingsViewController.swift */,
			);
			name = "View Controllers";
			sourceTree = "<group>";
		};
		661571F41BD34761001D6B8F /* Functional */ = {
			isa = PBXGroup;
			children = (
				662CFC851BC2215F00A9FF28 /* UIImageCoder.h */,
				662CFC861BC2215F00A9FF28 /* UIImageCoder.m */,
			);
			name = Functional;
			sourceTree = "<group>";
		};
		661571F51BD3488A001D6B8F /* Views */ = {
			isa = PBXGroup;
			children = (
				6647B43C1BDEF5BF00235E04 /* IntroView.swift */,
				6647B44C1BDF2CE700235E04 /* MainEncodingView.swift */,
				660BA05F1BDDAB0D00605EE8 /* PictographHighlightButton.swift */,
				660BA0611BDDAE9D00605EE8 /* PictographInsetTextField.swift */,
				6647B4431BDF0B7E00235E04 /* PictographSettingsTableViewCell.swift */,
				6647B4471BDF230A00235E04 /* SettingsFooterView.swift */,
			);
			name = Views;
			sourceTree = "<group>";
		};
		6647B4421BDF05C000235E04 /* Base View Controllers */ = {
			isa = PBXGroup;
			children = (
				6647B4401BDF052E00235E04 /* PictographViewController.swift */,
			);
			name = "Base View Controllers";
			sourceTree = "<group>";
		};
		6647B44B1BDF295C00235E04 /* Constants */ = {
			isa = PBXGroup;
			children = (
				6647B4491BDF294900235E04 /* PictographConstants.swift */,
			);
			name = Constants;
			sourceTree = "<group>";
		};
		665883091BBCC72A00CA21A9 = {
			isa = PBXGroup;
			children = (
				665883141BBCC72A00CA21A9 /* Pictograph */,
				6658832E1BBCC72A00CA21A9 /* PictographTests */,
				665883391BBCC72A00CA21A9 /* PictographUITests */,
				665883131BBCC72A00CA21A9 /* Products */,
				5B497145D3CECCE6D0C6598D /* Pods */,
				0BEF962BAD82A20EF5B1E3B5 /* Frameworks */,
			);
			sourceTree = "<group>";
		};
		665883131BBCC72A00CA21A9 /* Products */ = {
			isa = PBXGroup;
			children = (
				665883121BBCC72A00CA21A9 /* Pictograph.app */,
				6658832B1BBCC72A00CA21A9 /* PictographTests.xctest */,
				665883361BBCC72A00CA21A9 /* PictographUITests.xctest */,
			);
			name = Products;
			sourceTree = "<group>";
		};
		665883141BBCC72A00CA21A9 /* Pictograph */ = {
			isa = PBXGroup;
			children = (
				660BA0191BDDA59F00605EE8 /* Pictograph-Bridging-Header.h */,
				660BA01A1BDDA59F00605EE8 /* AppDelegate.swift */,
				6647B44B1BDF295C00235E04 /* Constants */,
				669DFD0D1BD561CF00A0BAC2 /* Errors */,
				6600697A1C552C6D00BA1672 /* Extensions */,
				661571F41BD34761001D6B8F /* Functional */,
				669BC10D1BD5699D00DD4C6F /* Models */,
				669BC1141BD56D4C00DD4C6F /* Other Controllers */,
				661571F51BD3488A001D6B8F /* Views */,
				661571F31BD3474D001D6B8F /* View Controllers */,
				66B187451C553D6A0057259F /* Protocols */,
				665883151BBCC72A00CA21A9 /* Supporting Files */,
			);
			path = Pictograph;
			sourceTree = "<group>";
		};
		665883151BBCC72A00CA21A9 /* Supporting Files */ = {
			isa = PBXGroup;
			children = (
				665883211BBCC72A00CA21A9 /* Assets.xcassets */,
				665883231BBCC72A00CA21A9 /* LaunchScreen.storyboard */,
				665883261BBCC72A00CA21A9 /* Info.plist */,
			);
			name = "Supporting Files";
			sourceTree = "<group>";
		};
		6658832E1BBCC72A00CA21A9 /* PictographTests */ = {
			isa = PBXGroup;
			children = (
				66C58B681C1D2FF700C10A06 /* PictographTests-Bridging-Header.h */,
				66C58B691C1D2FF700C10A06 /* PictographTests.swift */,
				665883311BBCC72A00CA21A9 /* Info.plist */,
			);
			path = PictographTests;
			sourceTree = "<group>";
		};
		665883391BBCC72A00CA21A9 /* PictographUITests */ = {
			isa = PBXGroup;
			children = (
				6658833A1BBCC72A00CA21A9 /* PictographUITests.m */,
				6658833C1BBCC72A00CA21A9 /* Info.plist */,
			);
			path = PictographUITests;
			sourceTree = "<group>";
		};
		669BC10D1BD5699D00DD4C6F /* Models */ = {
			isa = PBXGroup;
			children = (
				660BA0651BDDB1AE00605EE8 /* CurrentUser.swift */,
			);
			name = Models;
			sourceTree = "<group>";
		};
		669BC1141BD56D4C00DD4C6F /* Other Controllers */ = {
			isa = PBXGroup;
			children = (
				6647B4381BDDB91800235E04 /* PictographDataController.swift */,
			);
			name = "Other Controllers";
			sourceTree = "<group>";
		};
		669DFD0D1BD561CF00A0BAC2 /* Errors */ = {
			isa = PBXGroup;
			children = (
				669DFD0E1BD561FA00A0BAC2 /* EncodingErrors.h */,
			);
			name = Errors;
			sourceTree = "<group>";
		};
		66B187451C553D6A0057259F /* Protocols */ = {
			isa = PBXGroup;
			children = (
				66B187431C553D660057259F /* CreatesNavigationTitle.swift */,
			);
			name = Protocols;
			sourceTree = "<group>";
		};
/* End PBXGroup section */

/* Begin PBXNativeTarget section */
		665883111BBCC72A00CA21A9 /* Pictograph */ = {
			isa = PBXNativeTarget;
			buildConfigurationList = 6658833F1BBCC72A00CA21A9 /* Build configuration list for PBXNativeTarget "Pictograph" */;
			buildPhases = (
				2376EE238E378B218BC29C24 /* [CP] Check Pods Manifest.lock */,
				6658830E1BBCC72A00CA21A9 /* Sources */,
				6658830F1BBCC72A00CA21A9 /* Frameworks */,
				665883101BBCC72A00CA21A9 /* Resources */,
				6611EBB61BD9769100E5D12A /* ShellScript */,
				CD2B6B33B7FEF2846B28D0BF /* [CP] Embed Pods Frameworks */,
				16712CA5C6336BAACC265240 /* [CP] Copy Pods Resources */,
			);
			buildRules = (
			);
			dependencies = (
			);
			name = Pictograph;
			productName = Pictograph;
			productReference = 665883121BBCC72A00CA21A9 /* Pictograph.app */;
			productType = "com.apple.product-type.application";
		};
		6658832A1BBCC72A00CA21A9 /* PictographTests */ = {
			isa = PBXNativeTarget;
			buildConfigurationList = 665883421BBCC72A00CA21A9 /* Build configuration list for PBXNativeTarget "PictographTests" */;
			buildPhases = (
				26D9FEA8EA475E141847AEEB /* [CP] Check Pods Manifest.lock */,
				665883271BBCC72A00CA21A9 /* Sources */,
				665883281BBCC72A00CA21A9 /* Frameworks */,
				665883291BBCC72A00CA21A9 /* Resources */,
				DDB1099E67B15251B2DD1918 /* [CP] Embed Pods Frameworks */,
				AFD4E719B7CB1DEB19BA9120 /* [CP] Copy Pods Resources */,
			);
			buildRules = (
			);
			dependencies = (
				6658832D1BBCC72A00CA21A9 /* PBXTargetDependency */,
			);
			name = PictographTests;
			productName = PictographTests;
			productReference = 6658832B1BBCC72A00CA21A9 /* PictographTests.xctest */;
			productType = "com.apple.product-type.bundle.unit-test";
		};
		665883351BBCC72A00CA21A9 /* PictographUITests */ = {
			isa = PBXNativeTarget;
			buildConfigurationList = 665883451BBCC72A00CA21A9 /* Build configuration list for PBXNativeTarget "PictographUITests" */;
			buildPhases = (
				D754B396F1E3A2D10F7138D2 /* [CP] Check Pods Manifest.lock */,
				665883321BBCC72A00CA21A9 /* Sources */,
				665883331BBCC72A00CA21A9 /* Frameworks */,
				665883341BBCC72A00CA21A9 /* Resources */,
				994916058F7253F1256EB2BF /* [CP] Copy Pods Resources */,
				B19DB883D424701C8899CAF5 /* [CP] Embed Pods Frameworks */,
			);
			buildRules = (
			);
			dependencies = (
				665883381BBCC72A00CA21A9 /* PBXTargetDependency */,
			);
			name = PictographUITests;
			productName = PictographUITests;
			productReference = 665883361BBCC72A00CA21A9 /* PictographUITests.xctest */;
			productType = "com.apple.product-type.bundle.ui-testing";
		};
/* End PBXNativeTarget section */

/* Begin PBXProject section */
		6658830A1BBCC72A00CA21A9 /* Project object */ = {
			isa = PBXProject;
			attributes = {
				LastSwiftUpdateCheck = 0720;
				LastUpgradeCheck = 0810;
				ORGANIZATIONNAME = "Adam Boyd";
				TargetAttributes = {
					665883111BBCC72A00CA21A9 = {
						CreatedOnToolsVersion = 7.0.1;
						DevelopmentTeam = 6GHQ7P7EHA;
						LastSwiftMigration = 0810;
					};
					6658832A1BBCC72A00CA21A9 = {
						CreatedOnToolsVersion = 7.0.1;
						LastSwiftMigration = 0810;
						TestTargetID = 665883111BBCC72A00CA21A9;
					};
					665883351BBCC72A00CA21A9 = {
						CreatedOnToolsVersion = 7.0.1;
						TestTargetID = 665883111BBCC72A00CA21A9;
					};
				};
			};
			buildConfigurationList = 6658830D1BBCC72A00CA21A9 /* Build configuration list for PBXProject "Pictograph" */;
			compatibilityVersion = "Xcode 3.2";
			developmentRegion = English;
			hasScannedForEncodings = 0;
			knownRegions = (
				en,
				Base,
			);
			mainGroup = 665883091BBCC72A00CA21A9;
			productRefGroup = 665883131BBCC72A00CA21A9 /* Products */;
			projectDirPath = "";
			projectRoot = "";
			targets = (
				665883111BBCC72A00CA21A9 /* Pictograph */,
				6658832A1BBCC72A00CA21A9 /* PictographTests */,
				665883351BBCC72A00CA21A9 /* PictographUITests */,
			);
		};
/* End PBXProject section */

/* Begin PBXResourcesBuildPhase section */
		665883101BBCC72A00CA21A9 /* Resources */ = {
			isa = PBXResourcesBuildPhase;
			buildActionMask = 2147483647;
			files = (
				665883251BBCC72A00CA21A9 /* LaunchScreen.storyboard in Resources */,
				665883221BBCC72A00CA21A9 /* Assets.xcassets in Resources */,
			);
			runOnlyForDeploymentPostprocessing = 0;
		};
		665883291BBCC72A00CA21A9 /* Resources */ = {
			isa = PBXResourcesBuildPhase;
			buildActionMask = 2147483647;
			files = (
			);
			runOnlyForDeploymentPostprocessing = 0;
		};
		665883341BBCC72A00CA21A9 /* Resources */ = {
			isa = PBXResourcesBuildPhase;
			buildActionMask = 2147483647;
			files = (
			);
			runOnlyForDeploymentPostprocessing = 0;
		};
/* End PBXResourcesBuildPhase section */

/* Begin PBXShellScriptBuildPhase section */
		16712CA5C6336BAACC265240 /* [CP] Copy Pods Resources */ = {
			isa = PBXShellScriptBuildPhase;
			buildActionMask = 2147483647;
			files = (
			);
			inputPaths = (
			);
			name = "[CP] Copy Pods Resources";
			outputPaths = (
			);
			runOnlyForDeploymentPostprocessing = 0;
			shellPath = /bin/sh;
			shellScript = "\"${SRCROOT}/Pods/Target Support Files/Pods-Pictograph/Pods-Pictograph-resources.sh\"\n";
			showEnvVarsInLog = 0;
		};
		2376EE238E378B218BC29C24 /* [CP] Check Pods Manifest.lock */ = {
			isa = PBXShellScriptBuildPhase;
			buildActionMask = 2147483647;
			files = (
			);
			inputPaths = (
			);
			name = "[CP] Check Pods Manifest.lock";
			outputPaths = (
			);
			runOnlyForDeploymentPostprocessing = 0;
			shellPath = /bin/sh;
			shellScript = "diff \"${PODS_ROOT}/../Podfile.lock\" \"${PODS_ROOT}/Manifest.lock\" > /dev/null\nif [ $? != 0 ] ; then\n    # print error to STDERR\n    echo \"error: The sandbox is not in sync with the Podfile.lock. Run 'pod install' or update your CocoaPods installation.\" >&2\n    exit 1\nfi\n";
			showEnvVarsInLog = 0;
		};
		26D9FEA8EA475E141847AEEB /* [CP] Check Pods Manifest.lock */ = {
			isa = PBXShellScriptBuildPhase;
			buildActionMask = 2147483647;
			files = (
			);
			inputPaths = (
			);
			name = "[CP] Check Pods Manifest.lock";
			outputPaths = (
			);
			runOnlyForDeploymentPostprocessing = 0;
			shellPath = /bin/sh;
			shellScript = "diff \"${PODS_ROOT}/../Podfile.lock\" \"${PODS_ROOT}/Manifest.lock\" > /dev/null\nif [ $? != 0 ] ; then\n    # print error to STDERR\n    echo \"error: The sandbox is not in sync with the Podfile.lock. Run 'pod install' or update your CocoaPods installation.\" >&2\n    exit 1\nfi\n";
			showEnvVarsInLog = 0;
		};
		6611EBB61BD9769100E5D12A /* ShellScript */ = {
			isa = PBXShellScriptBuildPhase;
			buildActionMask = 2147483647;
			files = (
			);
			inputPaths = (
			);
			outputPaths = (
			);
			runOnlyForDeploymentPostprocessing = 0;
			shellPath = /bin/sh;
			shellScript = "\"${PODS_ROOT}/Fabric/run\" ddc2645d54ae392a8abd36a8dbbccb41fca3541d ec4418504bf66c40bfd19499c14e2f454e4ae3fa366b7699d1092e7ef7815f1b";
		};
		994916058F7253F1256EB2BF /* [CP] Copy Pods Resources */ = {
			isa = PBXShellScriptBuildPhase;
			buildActionMask = 2147483647;
			files = (
			);
			inputPaths = (
			);
			name = "[CP] Copy Pods Resources";
			outputPaths = (
			);
			runOnlyForDeploymentPostprocessing = 0;
			shellPath = /bin/sh;
			shellScript = "\"${SRCROOT}/Pods/Target Support Files/Pods-PictographUITests/Pods-PictographUITests-resources.sh\"\n";
			showEnvVarsInLog = 0;
		};
		AFD4E719B7CB1DEB19BA9120 /* [CP] Copy Pods Resources */ = {
			isa = PBXShellScriptBuildPhase;
			buildActionMask = 2147483647;
			files = (
			);
			inputPaths = (
			);
			name = "[CP] Copy Pods Resources";
			outputPaths = (
			);
			runOnlyForDeploymentPostprocessing = 0;
			shellPath = /bin/sh;
			shellScript = "\"${SRCROOT}/Pods/Target Support Files/Pods-PictographTests/Pods-PictographTests-resources.sh\"\n";
			showEnvVarsInLog = 0;
		};
		B19DB883D424701C8899CAF5 /* [CP] Embed Pods Frameworks */ = {
			isa = PBXShellScriptBuildPhase;
			buildActionMask = 2147483647;
			files = (
			);
			inputPaths = (
			);
			name = "[CP] Embed Pods Frameworks";
			outputPaths = (
			);
			runOnlyForDeploymentPostprocessing = 0;
			shellPath = /bin/sh;
			shellScript = "\"${SRCROOT}/Pods/Target Support Files/Pods-PictographUITests/Pods-PictographUITests-frameworks.sh\"\n";
			showEnvVarsInLog = 0;
		};
		CD2B6B33B7FEF2846B28D0BF /* [CP] Embed Pods Frameworks */ = {
			isa = PBXShellScriptBuildPhase;
			buildActionMask = 2147483647;
			files = (
			);
			inputPaths = (
			);
			name = "[CP] Embed Pods Frameworks";
			outputPaths = (
			);
			runOnlyForDeploymentPostprocessing = 0;
			shellPath = /bin/sh;
			shellScript = "\"${SRCROOT}/Pods/Target Support Files/Pods-Pictograph/Pods-Pictograph-frameworks.sh\"\n";
			showEnvVarsInLog = 0;
		};
		D754B396F1E3A2D10F7138D2 /* [CP] Check Pods Manifest.lock */ = {
			isa = PBXShellScriptBuildPhase;
			buildActionMask = 2147483647;
			files = (
			);
			inputPaths = (
			);
			name = "[CP] Check Pods Manifest.lock";
			outputPaths = (
			);
			runOnlyForDeploymentPostprocessing = 0;
			shellPath = /bin/sh;
			shellScript = "diff \"${PODS_ROOT}/../Podfile.lock\" \"${PODS_ROOT}/Manifest.lock\" > /dev/null\nif [ $? != 0 ] ; then\n    # print error to STDERR\n    echo \"error: The sandbox is not in sync with the Podfile.lock. Run 'pod install' or update your CocoaPods installation.\" >&2\n    exit 1\nfi\n";
			showEnvVarsInLog = 0;
		};
		DDB1099E67B15251B2DD1918 /* [CP] Embed Pods Frameworks */ = {
			isa = PBXShellScriptBuildPhase;
			buildActionMask = 2147483647;
			files = (
			);
			inputPaths = (
			);
			name = "[CP] Embed Pods Frameworks";
			outputPaths = (
			);
			runOnlyForDeploymentPostprocessing = 0;
			shellPath = /bin/sh;
			shellScript = "\"${SRCROOT}/Pods/Target Support Files/Pods-PictographTests/Pods-PictographTests-frameworks.sh\"\n";
			showEnvVarsInLog = 0;
		};
/* End PBXShellScriptBuildPhase section */

/* Begin PBXSourcesBuildPhase section */
		6658830E1BBCC72A00CA21A9 /* Sources */ = {
			isa = PBXSourcesBuildPhase;
			buildActionMask = 2147483647;
			files = (
				6647B43B1BDDCE9800235E04 /* PictographMainViewController.swift in Sources */,
				6647B4441BDF0B7E00235E04 /* PictographSettingsTableViewCell.swift in Sources */,
				6647B43D1BDEF5BF00235E04 /* IntroView.swift in Sources */,
				6647B4481BDF230A00235E04 /* SettingsFooterView.swift in Sources */,
				662CFC871BC2215F00A9FF28 /* UIImageCoder.m in Sources */,
				6647B43F1BDF022E00235E04 /* SettingsViewController.swift in Sources */,
				6647B4391BDDB91900235E04 /* PictographDataController.swift in Sources */,
				660BA0601BDDAB0E00605EE8 /* PictographHighlightButton.swift in Sources */,
				660BA01B1BDDA59F00605EE8 /* AppDelegate.swift in Sources */,
				6600697C1C5531A700BA1672 /* UIImage+CreateImageFromColor.swift in Sources */,
				6647B44A1BDF294900235E04 /* PictographConstants.swift in Sources */,
				66B187441C553D660057259F /* CreatesNavigationTitle.swift in Sources */,
				660BA0621BDDAE9D00605EE8 /* PictographInsetTextField.swift in Sources */,
				660BA0661BDDB1AE00605EE8 /* CurrentUser.swift in Sources */,
				6647B4411BDF052E00235E04 /* PictographViewController.swift in Sources */,
				660069791C552C6100BA1672 /* AppDelegateExtension.swift in Sources */,
				6647B44D1BDF2CE700235E04 /* MainEncodingView.swift in Sources */,
			);
			runOnlyForDeploymentPostprocessing = 0;
		};
		665883271BBCC72A00CA21A9 /* Sources */ = {
			isa = PBXSourcesBuildPhase;
			buildActionMask = 2147483647;
			files = (
				66C58B6A1C1D2FF700C10A06 /* PictographTests.swift in Sources */,
			);
			runOnlyForDeploymentPostprocessing = 0;
		};
		665883321BBCC72A00CA21A9 /* Sources */ = {
			isa = PBXSourcesBuildPhase;
			buildActionMask = 2147483647;
			files = (
				6658833B1BBCC72A00CA21A9 /* PictographUITests.m in Sources */,
			);
			runOnlyForDeploymentPostprocessing = 0;
		};
/* End PBXSourcesBuildPhase section */

/* Begin PBXTargetDependency section */
		6658832D1BBCC72A00CA21A9 /* PBXTargetDependency */ = {
			isa = PBXTargetDependency;
			target = 665883111BBCC72A00CA21A9 /* Pictograph */;
			targetProxy = 6658832C1BBCC72A00CA21A9 /* PBXContainerItemProxy */;
		};
		665883381BBCC72A00CA21A9 /* PBXTargetDependency */ = {
			isa = PBXTargetDependency;
			target = 665883111BBCC72A00CA21A9 /* Pictograph */;
			targetProxy = 665883371BBCC72A00CA21A9 /* PBXContainerItemProxy */;
		};
/* End PBXTargetDependency section */

/* Begin PBXVariantGroup section */
		665883231BBCC72A00CA21A9 /* LaunchScreen.storyboard */ = {
			isa = PBXVariantGroup;
			children = (
				665883241BBCC72A00CA21A9 /* Base */,
			);
			name = LaunchScreen.storyboard;
			sourceTree = "<group>";
		};
/* End PBXVariantGroup section */

/* Begin XCBuildConfiguration section */
		6658833D1BBCC72A00CA21A9 /* Debug */ = {
			isa = XCBuildConfiguration;
			buildSettings = {
				ALWAYS_SEARCH_USER_PATHS = NO;
				CLANG_CXX_LANGUAGE_STANDARD = "gnu++0x";
				CLANG_CXX_LIBRARY = "libc++";
				CLANG_ENABLE_MODULES = YES;
				CLANG_ENABLE_OBJC_ARC = YES;
				CLANG_WARN_BOOL_CONVERSION = YES;
				CLANG_WARN_CONSTANT_CONVERSION = YES;
				CLANG_WARN_DIRECT_OBJC_ISA_USAGE = YES_ERROR;
				CLANG_WARN_EMPTY_BODY = YES;
				CLANG_WARN_ENUM_CONVERSION = YES;
				CLANG_WARN_INFINITE_RECURSION = YES;
				CLANG_WARN_INT_CONVERSION = YES;
				CLANG_WARN_OBJC_ROOT_CLASS = YES_ERROR;
				CLANG_WARN_SUSPICIOUS_MOVE = YES;
				CLANG_WARN_UNREACHABLE_CODE = YES;
				CLANG_WARN__DUPLICATE_METHOD_MATCH = YES;
				"CODE_SIGN_IDENTITY[sdk=iphoneos*]" = "iPhone Developer";
				COPY_PHASE_STRIP = NO;
				DEBUG_INFORMATION_FORMAT = dwarf;
				ENABLE_STRICT_OBJC_MSGSEND = YES;
				ENABLE_TESTABILITY = YES;
				GCC_C_LANGUAGE_STANDARD = gnu99;
				GCC_DYNAMIC_NO_PIC = NO;
				GCC_NO_COMMON_BLOCKS = YES;
				GCC_OPTIMIZATION_LEVEL = 0;
				GCC_PREPROCESSOR_DEFINITIONS = (
					"DEBUG=1",
					"$(inherited)",
				);
				GCC_WARN_64_TO_32_BIT_CONVERSION = YES;
				GCC_WARN_ABOUT_RETURN_TYPE = YES_ERROR;
				GCC_WARN_UNDECLARED_SELECTOR = YES;
				GCC_WARN_UNINITIALIZED_AUTOS = YES_AGGRESSIVE;
				GCC_WARN_UNUSED_FUNCTION = YES;
				GCC_WARN_UNUSED_VARIABLE = YES;
				IPHONEOS_DEPLOYMENT_TARGET = 9.0;
				MTL_ENABLE_DEBUG_INFO = YES;
				ONLY_ACTIVE_ARCH = YES;
				SDKROOT = iphoneos;
				TARGETED_DEVICE_FAMILY = "1,2";
			};
			name = Debug;
		};
		6658833E1BBCC72A00CA21A9 /* Release */ = {
			isa = XCBuildConfiguration;
			buildSettings = {
				ALWAYS_SEARCH_USER_PATHS = NO;
				CLANG_CXX_LANGUAGE_STANDARD = "gnu++0x";
				CLANG_CXX_LIBRARY = "libc++";
				CLANG_ENABLE_MODULES = YES;
				CLANG_ENABLE_OBJC_ARC = YES;
				CLANG_WARN_BOOL_CONVERSION = YES;
				CLANG_WARN_CONSTANT_CONVERSION = YES;
				CLANG_WARN_DIRECT_OBJC_ISA_USAGE = YES_ERROR;
				CLANG_WARN_EMPTY_BODY = YES;
				CLANG_WARN_ENUM_CONVERSION = YES;
				CLANG_WARN_INFINITE_RECURSION = YES;
				CLANG_WARN_INT_CONVERSION = YES;
				CLANG_WARN_OBJC_ROOT_CLASS = YES_ERROR;
				CLANG_WARN_SUSPICIOUS_MOVE = YES;
				CLANG_WARN_UNREACHABLE_CODE = YES;
				CLANG_WARN__DUPLICATE_METHOD_MATCH = YES;
				"CODE_SIGN_IDENTITY[sdk=iphoneos*]" = "iPhone Developer";
				COPY_PHASE_STRIP = NO;
				DEBUG_INFORMATION_FORMAT = "dwarf-with-dsym";
				ENABLE_NS_ASSERTIONS = NO;
				ENABLE_STRICT_OBJC_MSGSEND = YES;
				GCC_C_LANGUAGE_STANDARD = gnu99;
				GCC_NO_COMMON_BLOCKS = YES;
				GCC_WARN_64_TO_32_BIT_CONVERSION = YES;
				GCC_WARN_ABOUT_RETURN_TYPE = YES_ERROR;
				GCC_WARN_UNDECLARED_SELECTOR = YES;
				GCC_WARN_UNINITIALIZED_AUTOS = YES_AGGRESSIVE;
				GCC_WARN_UNUSED_FUNCTION = YES;
				GCC_WARN_UNUSED_VARIABLE = YES;
				IPHONEOS_DEPLOYMENT_TARGET = 9.0;
				MTL_ENABLE_DEBUG_INFO = NO;
				SDKROOT = iphoneos;
				SWIFT_OPTIMIZATION_LEVEL = "-Owholemodule";
				TARGETED_DEVICE_FAMILY = "1,2";
				VALIDATE_PRODUCT = YES;
			};
			name = Release;
		};
		665883401BBCC72A00CA21A9 /* Debug */ = {
			isa = XCBuildConfiguration;
			baseConfigurationReference = B4B622BB77E2CDC0B762E8FD /* Pods-Pictograph.debug.xcconfig */;
			buildSettings = {
				ALWAYS_EMBED_SWIFT_STANDARD_LIBRARIES = YES;
				ASSETCATALOG_COMPILER_APPICON_NAME = AppIcon;
				CLANG_ENABLE_MODULES = YES;
				CODE_SIGN_IDENTITY = "iPhone Developer";
				DEBUG_INFORMATION_FORMAT = "dwarf-with-dsym";
				INFOPLIST_FILE = Pictograph/Info.plist;
				IPHONEOS_DEPLOYMENT_TARGET = 9.0;
				LD_RUNPATH_SEARCH_PATHS = "$(inherited) @executable_path/Frameworks";
				PRODUCT_BUNDLE_IDENTIFIER = com.adam.Pictograph;
				PRODUCT_NAME = "$(TARGET_NAME)";
				SWIFT_OBJC_BRIDGING_HEADER = "Pictograph/Pictograph-Bridging-Header.h";
				SWIFT_OPTIMIZATION_LEVEL = "-Onone";
				SWIFT_VERSION = 3.0;
				TARGETED_DEVICE_FAMILY = "1,2";
			};
			name = Debug;
		};
		665883411BBCC72A00CA21A9 /* Release */ = {
			isa = XCBuildConfiguration;
			baseConfigurationReference = 9060C7E7281D0FCEEC49EEEF /* Pods-Pictograph.release.xcconfig */;
			buildSettings = {
				ALWAYS_EMBED_SWIFT_STANDARD_LIBRARIES = YES;
				ASSETCATALOG_COMPILER_APPICON_NAME = AppIcon;
				CLANG_ENABLE_MODULES = YES;
				CODE_SIGN_IDENTITY = "iPhone Developer";
				INFOPLIST_FILE = Pictograph/Info.plist;
				IPHONEOS_DEPLOYMENT_TARGET = 9.0;
				LD_RUNPATH_SEARCH_PATHS = "$(inherited) @executable_path/Frameworks";
				PRODUCT_BUNDLE_IDENTIFIER = com.adam.Pictograph;
				PRODUCT_NAME = "$(TARGET_NAME)";
				SWIFT_OBJC_BRIDGING_HEADER = "Pictograph/Pictograph-Bridging-Header.h";
				SWIFT_VERSION = 3.0;
				TARGETED_DEVICE_FAMILY = "1,2";
			};
			name = Release;
		};
		665883431BBCC72A00CA21A9 /* Debug */ = {
			isa = XCBuildConfiguration;
			baseConfigurationReference = D7932AB70CF6D0116191AD8C /* Pods-PictographTests.debug.xcconfig */;
			buildSettings = {
				BUNDLE_LOADER = "$(TEST_HOST)";
				CLANG_ENABLE_MODULES = YES;
				INFOPLIST_FILE = PictographTests/Info.plist;
				LD_RUNPATH_SEARCH_PATHS = "$(inherited) @executable_path/Frameworks @loader_path/Frameworks";
				PRODUCT_BUNDLE_IDENTIFIER = "Adam-Boyd.PictographTests";
				PRODUCT_NAME = "$(TARGET_NAME)";
				SWIFT_OBJC_BRIDGING_HEADER = "PictographTests/PictographTests-Bridging-Header.h";
				SWIFT_OPTIMIZATION_LEVEL = "-Onone";
				SWIFT_VERSION = 3.0;
				TEST_HOST = "$(BUILT_PRODUCTS_DIR)/Pictograph.app/Pictograph";
			};
			name = Debug;
		};
		665883441BBCC72A00CA21A9 /* Release */ = {
			isa = XCBuildConfiguration;
			baseConfigurationReference = 3C713F8D0C59FEC401E4FD69 /* Pods-PictographTests.release.xcconfig */;
			buildSettings = {
				BUNDLE_LOADER = "$(TEST_HOST)";
				CLANG_ENABLE_MODULES = YES;
				INFOPLIST_FILE = PictographTests/Info.plist;
				LD_RUNPATH_SEARCH_PATHS = "$(inherited) @executable_path/Frameworks @loader_path/Frameworks";
				PRODUCT_BUNDLE_IDENTIFIER = "Adam-Boyd.PictographTests";
				PRODUCT_NAME = "$(TARGET_NAME)";
				SWIFT_OBJC_BRIDGING_HEADER = "PictographTests/PictographTests-Bridging-Header.h";
				SWIFT_VERSION = 3.0;
				TEST_HOST = "$(BUILT_PRODUCTS_DIR)/Pictograph.app/Pictograph";
			};
			name = Release;
		};
		665883461BBCC72A00CA21A9 /* Debug */ = {
			isa = XCBuildConfiguration;
			baseConfigurationReference = 98A0A9CF4FB23A5E0E184484 /* Pods-PictographUITests.debug.xcconfig */;
			buildSettings = {
				INFOPLIST_FILE = PictographUITests/Info.plist;
				LD_RUNPATH_SEARCH_PATHS = "$(inherited) @executable_path/Frameworks @loader_path/Frameworks";
				PRODUCT_BUNDLE_IDENTIFIER = "Adam-Boyd.PictographUITests";
				PRODUCT_NAME = "$(TARGET_NAME)";
				TEST_TARGET_NAME = Pictograph;
				USES_XCTRUNNER = YES;
			};
			name = Debug;
		};
		665883471BBCC72A00CA21A9 /* Release */ = {
			isa = XCBuildConfiguration;
			baseConfigurationReference = D37635E967A9E7155D358111 /* Pods-PictographUITests.release.xcconfig */;
			buildSettings = {
				INFOPLIST_FILE = PictographUITests/Info.plist;
				LD_RUNPATH_SEARCH_PATHS = "$(inherited) @executable_path/Frameworks @loader_path/Frameworks";
				PRODUCT_BUNDLE_IDENTIFIER = "Adam-Boyd.PictographUITests";
				PRODUCT_NAME = "$(TARGET_NAME)";
				TEST_TARGET_NAME = Pictograph;
				USES_XCTRUNNER = YES;
			};
			name = Release;
		};
/* End XCBuildConfiguration section */

/* Begin XCConfigurationList section */
		6658830D1BBCC72A00CA21A9 /* Build configuration list for PBXProject "Pictograph" */ = {
			isa = XCConfigurationList;
			buildConfigurations = (
				6658833D1BBCC72A00CA21A9 /* Debug */,
				6658833E1BBCC72A00CA21A9 /* Release */,
			);
			defaultConfigurationIsVisible = 0;
			defaultConfigurationName = Release;
		};
		6658833F1BBCC72A00CA21A9 /* Build configuration list for PBXNativeTarget "Pictograph" */ = {
			isa = XCConfigurationList;
			buildConfigurations = (
				665883401BBCC72A00CA21A9 /* Debug */,
				665883411BBCC72A00CA21A9 /* Release */,
			);
			defaultConfigurationIsVisible = 0;
			defaultConfigurationName = Release;
		};
		665883421BBCC72A00CA21A9 /* Build configuration list for PBXNativeTarget "PictographTests" */ = {
			isa = XCConfigurationList;
			buildConfigurations = (
				665883431BBCC72A00CA21A9 /* Debug */,
				665883441BBCC72A00CA21A9 /* Release */,
			);
			defaultConfigurationIsVisible = 0;
			defaultConfigurationName = Release;
		};
		665883451BBCC72A00CA21A9 /* Build configuration list for PBXNativeTarget "PictographUITests" */ = {
			isa = XCConfigurationList;
			buildConfigurations = (
				665883461BBCC72A00CA21A9 /* Debug */,
				665883471BBCC72A00CA21A9 /* Release */,
			);
			defaultConfigurationIsVisible = 0;
			defaultConfigurationName = Release;
		};
/* End XCConfigurationList section */
	};
	rootObject = 6658830A1BBCC72A00CA21A9 /* Project object */;
}
