// !$*UTF8*$!
{
	archiveVersion = 1;
	classes = {
	};
	objectVersion = 46;
	objects = {

/* Begin PBXBuildFile section */
		27E6ACFA9C74B4E456C9C30B /* Pods_Pictograph.framework in Frameworks */ = {isa = PBXBuildFile; fileRef = 7B282741E3A9E474CCACFAD3 /* Pods_Pictograph.framework */; };
		660069791C552C6100BA1672 /* AppDelegateExtension.swift in Sources */ = {isa = PBXBuildFile; fileRef = 660069781C552C6100BA1672 /* AppDelegateExtension.swift */; };
		6600697C1C5531A700BA1672 /* UIImage+CreateImageFromColor.swift in Sources */ = {isa = PBXBuildFile; fileRef = 6600697B1C5531A700BA1672 /* UIImage+CreateImageFromColor.swift */; };
		660BA01B1BDDA59F00605EE8 /* AppDelegate.swift in Sources */ = {isa = PBXBuildFile; fileRef = 660BA01A1BDDA59F00605EE8 /* AppDelegate.swift */; };
		660BA0601BDDAB0E00605EE8 /* PictographHighlightButton.swift in Sources */ = {isa = PBXBuildFile; fileRef = 660BA05F1BDDAB0D00605EE8 /* PictographHighlightButton.swift */; };
		660BA0621BDDAE9D00605EE8 /* PictographInsetTextField.swift in Sources */ = {isa = PBXBuildFile; fileRef = 660BA0611BDDAE9D00605EE8 /* PictographInsetTextField.swift */; };
		660BA0661BDDB1AE00605EE8 /* CurrentUser.swift in Sources */ = {isa = PBXBuildFile; fileRef = 660BA0651BDDB1AE00605EE8 /* CurrentUser.swift */; };
		6615984E1EDCCF2B009A2E79 /* ImageForTesting.png in Resources */ = {isa = PBXBuildFile; fileRef = 6615984D1EDCCF2B009A2E79 /* ImageForTesting.png */; };
		6615984F1EDCCF2B009A2E79 /* ImageForTesting.png in Resources */ = {isa = PBXBuildFile; fileRef = 6615984D1EDCCF2B009A2E79 /* ImageForTesting.png */; };
		6647B4391BDDB91900235E04 /* PictographDataController.swift in Sources */ = {isa = PBXBuildFile; fileRef = 6647B4381BDDB91800235E04 /* PictographDataController.swift */; };
		6647B43B1BDDCE9800235E04 /* PictographMainViewController.swift in Sources */ = {isa = PBXBuildFile; fileRef = 6647B43A1BDDCE9800235E04 /* PictographMainViewController.swift */; };
		6647B43D1BDEF5BF00235E04 /* IntroView.swift in Sources */ = {isa = PBXBuildFile; fileRef = 6647B43C1BDEF5BF00235E04 /* IntroView.swift */; };
		6647B43F1BDF022E00235E04 /* SettingsViewController.swift in Sources */ = {isa = PBXBuildFile; fileRef = 6647B43E1BDF022E00235E04 /* SettingsViewController.swift */; };
		6647B4411BDF052E00235E04 /* PictographViewController.swift in Sources */ = {isa = PBXBuildFile; fileRef = 6647B4401BDF052E00235E04 /* PictographViewController.swift */; };
		6647B4441BDF0B7E00235E04 /* PictographSettingsTableViewCell.swift in Sources */ = {isa = PBXBuildFile; fileRef = 6647B4431BDF0B7E00235E04 /* PictographSettingsTableViewCell.swift */; };
		6647B4481BDF230A00235E04 /* SettingsFooterView.swift in Sources */ = {isa = PBXBuildFile; fileRef = 6647B4471BDF230A00235E04 /* SettingsFooterView.swift */; };
		6647B44A1BDF294900235E04 /* PictographConstants.swift in Sources */ = {isa = PBXBuildFile; fileRef = 6647B4491BDF294900235E04 /* PictographConstants.swift */; };
		6647B44D1BDF2CE700235E04 /* MainEncodingView.swift in Sources */ = {isa = PBXBuildFile; fileRef = 6647B44C1BDF2CE700235E04 /* MainEncodingView.swift */; };
		664C5F7E1E357A2E004E1FA9 /* AppDelegate.swift in Sources */ = {isa = PBXBuildFile; fileRef = 664C5F7D1E357A2E004E1FA9 /* AppDelegate.swift */; };
		664C5F801E357A2E004E1FA9 /* MainViewController.swift in Sources */ = {isa = PBXBuildFile; fileRef = 664C5F7F1E357A2E004E1FA9 /* MainViewController.swift */; };
		664C5F821E357A2E004E1FA9 /* Assets.xcassets in Resources */ = {isa = PBXBuildFile; fileRef = 664C5F811E357A2E004E1FA9 /* Assets.xcassets */; };
		664C5F851E357A2E004E1FA9 /* Main.storyboard in Resources */ = {isa = PBXBuildFile; fileRef = 664C5F831E357A2E004E1FA9 /* Main.storyboard */; };
		664C5F901E357A2E004E1FA9 /* Pictograph_MacTests.swift in Sources */ = {isa = PBXBuildFile; fileRef = 664C5F8F1E357A2E004E1FA9 /* Pictograph_MacTests.swift */; };
		664C5F9B1E357A2E004E1FA9 /* Pictograph_MacUITests.swift in Sources */ = {isa = PBXBuildFile; fileRef = 664C5F9A1E357A2E004E1FA9 /* Pictograph_MacUITests.swift */; };
		664C629B1EA422D60056927A /* DragAndDropBox.swift in Sources */ = {isa = PBXBuildFile; fileRef = 664C629A1EA422D60056927A /* DragAndDropBox.swift */; };
		665883221BBCC72A00CA21A9 /* Assets.xcassets in Resources */ = {isa = PBXBuildFile; fileRef = 665883211BBCC72A00CA21A9 /* Assets.xcassets */; };
		665883251BBCC72A00CA21A9 /* LaunchScreen.storyboard in Resources */ = {isa = PBXBuildFile; fileRef = 665883231BBCC72A00CA21A9 /* LaunchScreen.storyboard */; };
		6658833B1BBCC72A00CA21A9 /* PictographUITests.m in Sources */ = {isa = PBXBuildFile; fileRef = 6658833A1BBCC72A00CA21A9 /* PictographUITests.m */; };
		666A96B71E41836900107630 /* CurrentUser.swift in Sources */ = {isa = PBXBuildFile; fileRef = 660BA0651BDDB1AE00605EE8 /* CurrentUser.swift */; };
		666AD9CA1E41828C006B37FB /* PictographDataController.swift in Sources */ = {isa = PBXBuildFile; fileRef = 6647B4381BDDB91800235E04 /* PictographDataController.swift */; };
		666DF8C31EA31D94009BBEC2 /* PictographImageCoder.m in Sources */ = {isa = PBXBuildFile; fileRef = 662CFC861BC2215F00A9FF28 /* PictographImageCoder.m */; };
		66B187441C553D660057259F /* CreatesNavigationTitle.swift in Sources */ = {isa = PBXBuildFile; fileRef = 66B187431C553D660057259F /* CreatesNavigationTitle.swift */; };
		66BEA7861EAD4E940083A6DA /* dsa_pub.pem in Resources */ = {isa = PBXBuildFile; fileRef = 66BEA7851EAD4E940083A6DA /* dsa_pub.pem */; };
		66C58B6A1C1D2FF700C10A06 /* PictographTests.swift in Sources */ = {isa = PBXBuildFile; fileRef = 66C58B691C1D2FF700C10A06 /* PictographTests.swift */; };
		66E227C11EA2EC5E0089CD48 /* AboutViewController.swift in Sources */ = {isa = PBXBuildFile; fileRef = 66E227C01EA2EC5E0089CD48 /* AboutViewController.swift */; };
		66E227C41EA316A00089CD48 /* PictographImageCoder.m in Sources */ = {isa = PBXBuildFile; fileRef = 662CFC861BC2215F00A9FF28 /* PictographImageCoder.m */; };
		66E227C71EA3173C0089CD48 /* PictographImage+Reconciliation.m in Sources */ = {isa = PBXBuildFile; fileRef = 66A1B2891EA1824300AB5822 /* PictographImage+Reconciliation.m */; };
		66E227C81EA3189B0089CD48 /* PictographImage+Reconciliation.m in Sources */ = {isa = PBXBuildFile; fileRef = 66A1B2891EA1824300AB5822 /* PictographImage+Reconciliation.m */; };
		66F2AA6D1EC2A0FC0020438E /* Messages.framework in Frameworks */ = {isa = PBXBuildFile; fileRef = 66F2AA6C1EC2A0FC0020438E /* Messages.framework */; };
		66F2AA701EC2A0FC0020438E /* MessagesViewController.swift in Sources */ = {isa = PBXBuildFile; fileRef = 66F2AA6F1EC2A0FC0020438E /* MessagesViewController.swift */; };
		66F2AA731EC2A0FC0020438E /* MainInterface.storyboard in Resources */ = {isa = PBXBuildFile; fileRef = 66F2AA711EC2A0FC0020438E /* MainInterface.storyboard */; };
		66F2AA751EC2A0FC0020438E /* Assets.xcassets in Resources */ = {isa = PBXBuildFile; fileRef = 66F2AA741EC2A0FC0020438E /* Assets.xcassets */; };
		66F2AA791EC2A0FC0020438E /* Pictograph-Messages.appex in Embed App Extensions */ = {isa = PBXBuildFile; fileRef = 66F2AA6B1EC2A0FC0020438E /* Pictograph-Messages.appex */; settings = {ATTRIBUTES = (RemoveHeadersOnCopy, ); }; };
		7C2A5D35939274085DA24564 /* Pods_PictographTests.framework in Frameworks */ = {isa = PBXBuildFile; fileRef = DC099D02965E45B0D324E031 /* Pods_PictographTests.framework */; };
		85B5DAD45526AD2A1DFC3A16 /* Pods_PictographUITests.framework in Frameworks */ = {isa = PBXBuildFile; fileRef = 7B0493DE2DEC4D7878ECF645 /* Pods_PictographUITests.framework */; };
		8E0F330F9199121AFDE7C1A1 /* Pods_Pictograph_Mac.framework in Frameworks */ = {isa = PBXBuildFile; fileRef = F37462E8B017BF38EBE402E6 /* Pods_Pictograph_Mac.framework */; };
/* End PBXBuildFile section */

/* Begin PBXContainerItemProxy section */
		664C5F8C1E357A2E004E1FA9 /* PBXContainerItemProxy */ = {
			isa = PBXContainerItemProxy;
			containerPortal = 6658830A1BBCC72A00CA21A9 /* Project object */;
			proxyType = 1;
			remoteGlobalIDString = 664C5F7A1E357A2D004E1FA9;
			remoteInfo = "Pictograph Mac";
		};
		664C5F971E357A2E004E1FA9 /* PBXContainerItemProxy */ = {
			isa = PBXContainerItemProxy;
			containerPortal = 6658830A1BBCC72A00CA21A9 /* Project object */;
			proxyType = 1;
			remoteGlobalIDString = 664C5F7A1E357A2D004E1FA9;
			remoteInfo = "Pictograph Mac";
		};
		6658832C1BBCC72A00CA21A9 /* PBXContainerItemProxy */ = {
			isa = PBXContainerItemProxy;
			containerPortal = 6658830A1BBCC72A00CA21A9 /* Project object */;
			proxyType = 1;
			remoteGlobalIDString = 665883111BBCC72A00CA21A9;
			remoteInfo = Pictograph;
		};
		665883371BBCC72A00CA21A9 /* PBXContainerItemProxy */ = {
			isa = PBXContainerItemProxy;
			containerPortal = 6658830A1BBCC72A00CA21A9 /* Project object */;
			proxyType = 1;
			remoteGlobalIDString = 665883111BBCC72A00CA21A9;
			remoteInfo = Pictograph;
		};
		66F2AA771EC2A0FC0020438E /* PBXContainerItemProxy */ = {
			isa = PBXContainerItemProxy;
			containerPortal = 6658830A1BBCC72A00CA21A9 /* Project object */;
			proxyType = 1;
			remoteGlobalIDString = 66F2AA6A1EC2A0FC0020438E;
			remoteInfo = "Pictograph-Messages";
		};
/* End PBXContainerItemProxy section */

/* Begin PBXCopyFilesBuildPhase section */
		66F2AA7D1EC2A0FC0020438E /* Embed App Extensions */ = {
			isa = PBXCopyFilesBuildPhase;
			buildActionMask = 2147483647;
			dstPath = "";
			dstSubfolderSpec = 13;
			files = (
				66F2AA791EC2A0FC0020438E /* Pictograph-Messages.appex in Embed App Extensions */,
			);
			name = "Embed App Extensions";
			runOnlyForDeploymentPostprocessing = 0;
		};
/* End PBXCopyFilesBuildPhase section */

/* Begin PBXFileReference section */
		1D97D3A8A50FA821FA4A8A5F /* Pods-Pictograph Mac.release.xcconfig */ = {isa = PBXFileReference; includeInIndex = 1; lastKnownFileType = text.xcconfig; name = "Pods-Pictograph Mac.release.xcconfig"; path = "Pods/Target Support Files/Pods-Pictograph Mac/Pods-Pictograph Mac.release.xcconfig"; sourceTree = "<group>"; };
		3C713F8D0C59FEC401E4FD69 /* Pods-PictographTests.release.xcconfig */ = {isa = PBXFileReference; includeInIndex = 1; lastKnownFileType = text.xcconfig; name = "Pods-PictographTests.release.xcconfig"; path = "Pods/Target Support Files/Pods-PictographTests/Pods-PictographTests.release.xcconfig"; sourceTree = "<group>"; };
		660069781C552C6100BA1672 /* AppDelegateExtension.swift */ = {isa = PBXFileReference; fileEncoding = 4; lastKnownFileType = sourcecode.swift; path = AppDelegateExtension.swift; sourceTree = "<group>"; };
		6600697B1C5531A700BA1672 /* UIImage+CreateImageFromColor.swift */ = {isa = PBXFileReference; fileEncoding = 4; lastKnownFileType = sourcecode.swift; path = "UIImage+CreateImageFromColor.swift"; sourceTree = "<group>"; };
		66056A851E8DFBC000DE0FB4 /* Pictograph_Mac-Bridging-Header.h */ = {isa = PBXFileReference; lastKnownFileType = sourcecode.c.h; lineEnding = 0; path = "Pictograph_Mac-Bridging-Header.h"; sourceTree = "<group>"; xcLanguageSpecificationIdentifier = xcode.lang.objcpp; };
		660BA0191BDDA59F00605EE8 /* Pictograph-Bridging-Header.h */ = {isa = PBXFileReference; lastKnownFileType = sourcecode.c.h; lineEnding = 0; path = "Pictograph-Bridging-Header.h"; sourceTree = "<group>"; xcLanguageSpecificationIdentifier = xcode.lang.objcpp; };
		660BA01A1BDDA59F00605EE8 /* AppDelegate.swift */ = {isa = PBXFileReference; fileEncoding = 4; lastKnownFileType = sourcecode.swift; path = AppDelegate.swift; sourceTree = "<group>"; };
		660BA05F1BDDAB0D00605EE8 /* PictographHighlightButton.swift */ = {isa = PBXFileReference; fileEncoding = 4; lastKnownFileType = sourcecode.swift; path = PictographHighlightButton.swift; sourceTree = "<group>"; };
		660BA0611BDDAE9D00605EE8 /* PictographInsetTextField.swift */ = {isa = PBXFileReference; fileEncoding = 4; lastKnownFileType = sourcecode.swift; path = PictographInsetTextField.swift; sourceTree = "<group>"; };
		660BA0651BDDB1AE00605EE8 /* CurrentUser.swift */ = {isa = PBXFileReference; fileEncoding = 4; lastKnownFileType = sourcecode.swift; path = CurrentUser.swift; sourceTree = "<group>"; };
		6615984D1EDCCF2B009A2E79 /* ImageForTesting.png */ = {isa = PBXFileReference; lastKnownFileType = image.png; path = ImageForTesting.png; sourceTree = "<group>"; };
		662CFC851BC2215F00A9FF28 /* PictographImageCoder.h */ = {isa = PBXFileReference; fileEncoding = 4; lastKnownFileType = sourcecode.c.h; lineEnding = 0; path = PictographImageCoder.h; sourceTree = "<group>"; xcLanguageSpecificationIdentifier = xcode.lang.objcpp; };
		662CFC861BC2215F00A9FF28 /* PictographImageCoder.m */ = {isa = PBXFileReference; fileEncoding = 4; lastKnownFileType = sourcecode.c.objc; lineEnding = 0; path = PictographImageCoder.m; sourceTree = "<group>"; xcLanguageSpecificationIdentifier = xcode.lang.objc; };
		6639F5911EA467E60032F56A /* Pictograph Mac.entitlements */ = {isa = PBXFileReference; lastKnownFileType = text.plist.entitlements; path = "Pictograph Mac.entitlements"; sourceTree = "<group>"; };
		6647B4381BDDB91800235E04 /* PictographDataController.swift */ = {isa = PBXFileReference; fileEncoding = 4; lastKnownFileType = sourcecode.swift; path = PictographDataController.swift; sourceTree = "<group>"; };
		6647B43A1BDDCE9800235E04 /* PictographMainViewController.swift */ = {isa = PBXFileReference; fileEncoding = 4; lastKnownFileType = sourcecode.swift; lineEnding = 0; path = PictographMainViewController.swift; sourceTree = "<group>"; xcLanguageSpecificationIdentifier = xcode.lang.swift; };
		6647B43C1BDEF5BF00235E04 /* IntroView.swift */ = {isa = PBXFileReference; fileEncoding = 4; lastKnownFileType = sourcecode.swift; path = IntroView.swift; sourceTree = "<group>"; };
		6647B43E1BDF022E00235E04 /* SettingsViewController.swift */ = {isa = PBXFileReference; fileEncoding = 4; lastKnownFileType = sourcecode.swift; path = SettingsViewController.swift; sourceTree = "<group>"; };
		6647B4401BDF052E00235E04 /* PictographViewController.swift */ = {isa = PBXFileReference; fileEncoding = 4; lastKnownFileType = sourcecode.swift; path = PictographViewController.swift; sourceTree = "<group>"; };
		6647B4431BDF0B7E00235E04 /* PictographSettingsTableViewCell.swift */ = {isa = PBXFileReference; fileEncoding = 4; lastKnownFileType = sourcecode.swift; path = PictographSettingsTableViewCell.swift; sourceTree = "<group>"; };
		6647B4471BDF230A00235E04 /* SettingsFooterView.swift */ = {isa = PBXFileReference; fileEncoding = 4; lastKnownFileType = sourcecode.swift; path = SettingsFooterView.swift; sourceTree = "<group>"; };
		6647B4491BDF294900235E04 /* PictographConstants.swift */ = {isa = PBXFileReference; fileEncoding = 4; lastKnownFileType = sourcecode.swift; path = PictographConstants.swift; sourceTree = "<group>"; };
		6647B44C1BDF2CE700235E04 /* MainEncodingView.swift */ = {isa = PBXFileReference; fileEncoding = 4; lastKnownFileType = sourcecode.swift; path = MainEncodingView.swift; sourceTree = "<group>"; };
		664C5F7B1E357A2D004E1FA9 /* Pictograph Mac.app */ = {isa = PBXFileReference; explicitFileType = wrapper.application; includeInIndex = 0; path = "Pictograph Mac.app"; sourceTree = BUILT_PRODUCTS_DIR; };
		664C5F7D1E357A2E004E1FA9 /* AppDelegate.swift */ = {isa = PBXFileReference; lastKnownFileType = sourcecode.swift; path = AppDelegate.swift; sourceTree = "<group>"; };
		664C5F7F1E357A2E004E1FA9 /* MainViewController.swift */ = {isa = PBXFileReference; lastKnownFileType = sourcecode.swift; lineEnding = 0; path = MainViewController.swift; sourceTree = "<group>"; xcLanguageSpecificationIdentifier = xcode.lang.swift; };
		664C5F811E357A2E004E1FA9 /* Assets.xcassets */ = {isa = PBXFileReference; lastKnownFileType = folder.assetcatalog; path = Assets.xcassets; sourceTree = "<group>"; };
		664C5F841E357A2E004E1FA9 /* Base */ = {isa = PBXFileReference; lastKnownFileType = file.storyboard; name = Base; path = Base.lproj/Main.storyboard; sourceTree = "<group>"; };
		664C5F861E357A2E004E1FA9 /* Info.plist */ = {isa = PBXFileReference; lastKnownFileType = text.plist.xml; path = Info.plist; sourceTree = "<group>"; };
		664C5F8B1E357A2E004E1FA9 /* Pictograph MacTests.xctest */ = {isa = PBXFileReference; explicitFileType = wrapper.cfbundle; includeInIndex = 0; path = "Pictograph MacTests.xctest"; sourceTree = BUILT_PRODUCTS_DIR; };
		664C5F8F1E357A2E004E1FA9 /* Pictograph_MacTests.swift */ = {isa = PBXFileReference; lastKnownFileType = sourcecode.swift; path = Pictograph_MacTests.swift; sourceTree = "<group>"; };
		664C5F911E357A2E004E1FA9 /* Info.plist */ = {isa = PBXFileReference; lastKnownFileType = text.plist.xml; path = Info.plist; sourceTree = "<group>"; };
		664C5F961E357A2E004E1FA9 /* Pictograph MacUITests.xctest */ = {isa = PBXFileReference; explicitFileType = wrapper.cfbundle; includeInIndex = 0; path = "Pictograph MacUITests.xctest"; sourceTree = BUILT_PRODUCTS_DIR; };
		664C5F9A1E357A2E004E1FA9 /* Pictograph_MacUITests.swift */ = {isa = PBXFileReference; lastKnownFileType = sourcecode.swift; path = Pictograph_MacUITests.swift; sourceTree = "<group>"; };
		664C5F9C1E357A2E004E1FA9 /* Info.plist */ = {isa = PBXFileReference; lastKnownFileType = text.plist.xml; path = Info.plist; sourceTree = "<group>"; };
		664C629A1EA422D60056927A /* DragAndDropBox.swift */ = {isa = PBXFileReference; fileEncoding = 4; lastKnownFileType = sourcecode.swift; path = DragAndDropBox.swift; sourceTree = "<group>"; };
		665883121BBCC72A00CA21A9 /* Pictograph.app */ = {isa = PBXFileReference; explicitFileType = wrapper.application; includeInIndex = 0; path = Pictograph.app; sourceTree = BUILT_PRODUCTS_DIR; };
		665883211BBCC72A00CA21A9 /* Assets.xcassets */ = {isa = PBXFileReference; lastKnownFileType = folder.assetcatalog; path = Assets.xcassets; sourceTree = "<group>"; };
		665883241BBCC72A00CA21A9 /* Base */ = {isa = PBXFileReference; lastKnownFileType = file.storyboard; name = Base; path = Base.lproj/LaunchScreen.storyboard; sourceTree = "<group>"; };
		665883261BBCC72A00CA21A9 /* Info.plist */ = {isa = PBXFileReference; lastKnownFileType = text.plist.xml; path = Info.plist; sourceTree = "<group>"; };
		6658832B1BBCC72A00CA21A9 /* PictographTests.xctest */ = {isa = PBXFileReference; explicitFileType = wrapper.cfbundle; includeInIndex = 0; path = PictographTests.xctest; sourceTree = BUILT_PRODUCTS_DIR; };
		665883311BBCC72A00CA21A9 /* Info.plist */ = {isa = PBXFileReference; lastKnownFileType = text.plist.xml; path = Info.plist; sourceTree = "<group>"; };
		665883361BBCC72A00CA21A9 /* PictographUITests.xctest */ = {isa = PBXFileReference; explicitFileType = wrapper.cfbundle; includeInIndex = 0; path = PictographUITests.xctest; sourceTree = BUILT_PRODUCTS_DIR; };
		6658833A1BBCC72A00CA21A9 /* PictographUITests.m */ = {isa = PBXFileReference; lastKnownFileType = sourcecode.c.objc; path = PictographUITests.m; sourceTree = "<group>"; };
		6658833C1BBCC72A00CA21A9 /* Info.plist */ = {isa = PBXFileReference; lastKnownFileType = text.plist.xml; path = Info.plist; sourceTree = "<group>"; };
		667EB69F1EDCCC240035ED4B /* Pictograph_Mac-Bridging-Header.h */ = {isa = PBXFileReference; lastKnownFileType = sourcecode.c.h; path = "Pictograph_Mac-Bridging-Header.h"; sourceTree = "<group>"; };
		669DFD0E1BD561FA00A0BAC2 /* EncodingErrors.h */ = {isa = PBXFileReference; fileEncoding = 4; lastKnownFileType = sourcecode.c.h; path = EncodingErrors.h; sourceTree = "<group>"; };
		66A1B2881EA1824300AB5822 /* PictographImage+Reconciliation.h */ = {isa = PBXFileReference; fileEncoding = 4; lastKnownFileType = sourcecode.c.h; path = "PictographImage+Reconciliation.h"; sourceTree = "<group>"; };
		66A1B2891EA1824300AB5822 /* PictographImage+Reconciliation.m */ = {isa = PBXFileReference; fileEncoding = 4; lastKnownFileType = sourcecode.c.objc; path = "PictographImage+Reconciliation.m"; sourceTree = "<group>"; };
		66A1B28C1EA182F700AB5822 /* Global.h */ = {isa = PBXFileReference; fileEncoding = 4; lastKnownFileType = sourcecode.c.h; path = Global.h; sourceTree = "<group>"; };
		66B187431C553D660057259F /* CreatesNavigationTitle.swift */ = {isa = PBXFileReference; fileEncoding = 4; lastKnownFileType = sourcecode.swift; path = CreatesNavigationTitle.swift; sourceTree = "<group>"; };
		66BEA7851EAD4E940083A6DA /* dsa_pub.pem */ = {isa = PBXFileReference; fileEncoding = 4; lastKnownFileType = text; path = dsa_pub.pem; sourceTree = "<group>"; };
		66C58B681C1D2FF700C10A06 /* PictographTests-Bridging-Header.h */ = {isa = PBXFileReference; lastKnownFileType = sourcecode.c.h; lineEnding = 0; path = "PictographTests-Bridging-Header.h"; sourceTree = "<group>"; xcLanguageSpecificationIdentifier = xcode.lang.objcpp; };
		66C58B691C1D2FF700C10A06 /* PictographTests.swift */ = {isa = PBXFileReference; fileEncoding = 4; lastKnownFileType = sourcecode.swift; lineEnding = 0; path = PictographTests.swift; sourceTree = "<group>"; xcLanguageSpecificationIdentifier = xcode.lang.swift; };
		66E227C01EA2EC5E0089CD48 /* AboutViewController.swift */ = {isa = PBXFileReference; fileEncoding = 4; lastKnownFileType = sourcecode.swift; path = AboutViewController.swift; sourceTree = "<group>"; };
		66F2AA6B1EC2A0FC0020438E /* Pictograph-Messages.appex */ = {isa = PBXFileReference; explicitFileType = "wrapper.app-extension"; includeInIndex = 0; path = "Pictograph-Messages.appex"; sourceTree = BUILT_PRODUCTS_DIR; };
		66F2AA6C1EC2A0FC0020438E /* Messages.framework */ = {isa = PBXFileReference; lastKnownFileType = wrapper.framework; name = Messages.framework; path = System/Library/Frameworks/Messages.framework; sourceTree = SDKROOT; };
		66F2AA6F1EC2A0FC0020438E /* MessagesViewController.swift */ = {isa = PBXFileReference; lastKnownFileType = sourcecode.swift; path = MessagesViewController.swift; sourceTree = "<group>"; };
		66F2AA721EC2A0FC0020438E /* Base */ = {isa = PBXFileReference; lastKnownFileType = file.storyboard; name = Base; path = Base.lproj/MainInterface.storyboard; sourceTree = "<group>"; };
		66F2AA741EC2A0FC0020438E /* Assets.xcassets */ = {isa = PBXFileReference; lastKnownFileType = folder.assetcatalog; path = Assets.xcassets; sourceTree = "<group>"; };
		66F2AA761EC2A0FC0020438E /* Info.plist */ = {isa = PBXFileReference; lastKnownFileType = text.plist.xml; path = Info.plist; sourceTree = "<group>"; };
		66F2AA7E1EC2A4CF0020438E /* Pictograph-Messages-Bridging-Header.h */ = {isa = PBXFileReference; lastKnownFileType = sourcecode.c.h; path = "Pictograph-Messages-Bridging-Header.h"; sourceTree = "<group>"; };
		7B0493DE2DEC4D7878ECF645 /* Pods_PictographUITests.framework */ = {isa = PBXFileReference; explicitFileType = wrapper.framework; includeInIndex = 0; path = Pods_PictographUITests.framework; sourceTree = BUILT_PRODUCTS_DIR; };
		7B282741E3A9E474CCACFAD3 /* Pods_Pictograph.framework */ = {isa = PBXFileReference; explicitFileType = wrapper.framework; includeInIndex = 0; path = Pods_Pictograph.framework; sourceTree = BUILT_PRODUCTS_DIR; };
		9060C7E7281D0FCEEC49EEEF /* Pods-Pictograph.release.xcconfig */ = {isa = PBXFileReference; includeInIndex = 1; lastKnownFileType = text.xcconfig; name = "Pods-Pictograph.release.xcconfig"; path = "Pods/Target Support Files/Pods-Pictograph/Pods-Pictograph.release.xcconfig"; sourceTree = "<group>"; };
		98A0A9CF4FB23A5E0E184484 /* Pods-PictographUITests.debug.xcconfig */ = {isa = PBXFileReference; includeInIndex = 1; lastKnownFileType = text.xcconfig; name = "Pods-PictographUITests.debug.xcconfig"; path = "Pods/Target Support Files/Pods-PictographUITests/Pods-PictographUITests.debug.xcconfig"; sourceTree = "<group>"; };
		B4B622BB77E2CDC0B762E8FD /* Pods-Pictograph.debug.xcconfig */ = {isa = PBXFileReference; includeInIndex = 1; lastKnownFileType = text.xcconfig; name = "Pods-Pictograph.debug.xcconfig"; path = "Pods/Target Support Files/Pods-Pictograph/Pods-Pictograph.debug.xcconfig"; sourceTree = "<group>"; };
		D37635E967A9E7155D358111 /* Pods-PictographUITests.release.xcconfig */ = {isa = PBXFileReference; includeInIndex = 1; lastKnownFileType = text.xcconfig; name = "Pods-PictographUITests.release.xcconfig"; path = "Pods/Target Support Files/Pods-PictographUITests/Pods-PictographUITests.release.xcconfig"; sourceTree = "<group>"; };
		D7932AB70CF6D0116191AD8C /* Pods-PictographTests.debug.xcconfig */ = {isa = PBXFileReference; includeInIndex = 1; lastKnownFileType = text.xcconfig; name = "Pods-PictographTests.debug.xcconfig"; path = "Pods/Target Support Files/Pods-PictographTests/Pods-PictographTests.debug.xcconfig"; sourceTree = "<group>"; };
		DBC731B497ED747E9D5C8605 /* Pods-Pictograph Mac.debug.xcconfig */ = {isa = PBXFileReference; includeInIndex = 1; lastKnownFileType = text.xcconfig; name = "Pods-Pictograph Mac.debug.xcconfig"; path = "Pods/Target Support Files/Pods-Pictograph Mac/Pods-Pictograph Mac.debug.xcconfig"; sourceTree = "<group>"; };
		DC099D02965E45B0D324E031 /* Pods_PictographTests.framework */ = {isa = PBXFileReference; explicitFileType = wrapper.framework; includeInIndex = 0; path = Pods_PictographTests.framework; sourceTree = BUILT_PRODUCTS_DIR; };
		F37462E8B017BF38EBE402E6 /* Pods_Pictograph_Mac.framework */ = {isa = PBXFileReference; explicitFileType = wrapper.framework; includeInIndex = 0; path = Pods_Pictograph_Mac.framework; sourceTree = BUILT_PRODUCTS_DIR; };
/* End PBXFileReference section */

/* Begin PBXFrameworksBuildPhase section */
		664C5F781E357A2D004E1FA9 /* Frameworks */ = {
			isa = PBXFrameworksBuildPhase;
			buildActionMask = 2147483647;
			files = (
				8E0F330F9199121AFDE7C1A1 /* Pods_Pictograph_Mac.framework in Frameworks */,
			);
			runOnlyForDeploymentPostprocessing = 0;
		};
		664C5F881E357A2E004E1FA9 /* Frameworks */ = {
			isa = PBXFrameworksBuildPhase;
			buildActionMask = 2147483647;
			files = (
			);
			runOnlyForDeploymentPostprocessing = 0;
		};
		664C5F931E357A2E004E1FA9 /* Frameworks */ = {
			isa = PBXFrameworksBuildPhase;
			buildActionMask = 2147483647;
			files = (
			);
			runOnlyForDeploymentPostprocessing = 0;
		};
		6658830F1BBCC72A00CA21A9 /* Frameworks */ = {
			isa = PBXFrameworksBuildPhase;
			buildActionMask = 2147483647;
			files = (
				27E6ACFA9C74B4E456C9C30B /* Pods_Pictograph.framework in Frameworks */,
			);
			runOnlyForDeploymentPostprocessing = 0;
		};
		665883281BBCC72A00CA21A9 /* Frameworks */ = {
			isa = PBXFrameworksBuildPhase;
			buildActionMask = 2147483647;
			files = (
				7C2A5D35939274085DA24564 /* Pods_PictographTests.framework in Frameworks */,
			);
			runOnlyForDeploymentPostprocessing = 0;
		};
		665883331BBCC72A00CA21A9 /* Frameworks */ = {
			isa = PBXFrameworksBuildPhase;
			buildActionMask = 2147483647;
			files = (
				85B5DAD45526AD2A1DFC3A16 /* Pods_PictographUITests.framework in Frameworks */,
			);
			runOnlyForDeploymentPostprocessing = 0;
		};
		66F2AA681EC2A0FC0020438E /* Frameworks */ = {
			isa = PBXFrameworksBuildPhase;
			buildActionMask = 2147483647;
			files = (
				66F2AA6D1EC2A0FC0020438E /* Messages.framework in Frameworks */,
			);
			runOnlyForDeploymentPostprocessing = 0;
		};
/* End PBXFrameworksBuildPhase section */

/* Begin PBXGroup section */
		0BEF962BAD82A20EF5B1E3B5 /* Frameworks */ = {
			isa = PBXGroup;
			children = (
				7B282741E3A9E474CCACFAD3 /* Pods_Pictograph.framework */,
				DC099D02965E45B0D324E031 /* Pods_PictographTests.framework */,
				7B0493DE2DEC4D7878ECF645 /* Pods_PictographUITests.framework */,
				F37462E8B017BF38EBE402E6 /* Pods_Pictograph_Mac.framework */,
				66F2AA6C1EC2A0FC0020438E /* Messages.framework */,
			);
			name = Frameworks;
			sourceTree = "<group>";
		};
		5B497145D3CECCE6D0C6598D /* Pods */ = {
			isa = PBXGroup;
			children = (
				B4B622BB77E2CDC0B762E8FD /* Pods-Pictograph.debug.xcconfig */,
				9060C7E7281D0FCEEC49EEEF /* Pods-Pictograph.release.xcconfig */,
				D7932AB70CF6D0116191AD8C /* Pods-PictographTests.debug.xcconfig */,
				3C713F8D0C59FEC401E4FD69 /* Pods-PictographTests.release.xcconfig */,
				98A0A9CF4FB23A5E0E184484 /* Pods-PictographUITests.debug.xcconfig */,
				D37635E967A9E7155D358111 /* Pods-PictographUITests.release.xcconfig */,
				DBC731B497ED747E9D5C8605 /* Pods-Pictograph Mac.debug.xcconfig */,
				1D97D3A8A50FA821FA4A8A5F /* Pods-Pictograph Mac.release.xcconfig */,
			);
			name = Pods;
			sourceTree = "<group>";
		};
		6600697A1C552C6D00BA1672 /* Extensions */ = {
			isa = PBXGroup;
			children = (
				660069781C552C6100BA1672 /* AppDelegateExtension.swift */,
				6600697B1C5531A700BA1672 /* UIImage+CreateImageFromColor.swift */,
			);
			path = Extensions;
			sourceTree = "<group>";
		};
		661571F31BD3474D001D6B8F /* View Controllers */ = {
			isa = PBXGroup;
			children = (
				6647B4421BDF05C000235E04 /* Base View Controllers */,
				6647B43A1BDDCE9800235E04 /* PictographMainViewController.swift */,
				6647B43E1BDF022E00235E04 /* SettingsViewController.swift */,
			);
			path = "View Controllers";
			sourceTree = "<group>";
		};
		661571F41BD34761001D6B8F /* Shared */ = {
			isa = PBXGroup;
			children = (
				660BA0651BDDB1AE00605EE8 /* CurrentUser.swift */,
				66A1B28C1EA182F700AB5822 /* Global.h */,
				6647B4381BDDB91800235E04 /* PictographDataController.swift */,
				66A1B2881EA1824300AB5822 /* PictographImage+Reconciliation.h */,
				66A1B2891EA1824300AB5822 /* PictographImage+Reconciliation.m */,
				662CFC851BC2215F00A9FF28 /* PictographImageCoder.h */,
				662CFC861BC2215F00A9FF28 /* PictographImageCoder.m */,
			);
			path = Shared;
			sourceTree = "<group>";
		};
		661571F51BD3488A001D6B8F /* Views */ = {
			isa = PBXGroup;
			children = (
				6647B43C1BDEF5BF00235E04 /* IntroView.swift */,
				6647B44C1BDF2CE700235E04 /* MainEncodingView.swift */,
				660BA05F1BDDAB0D00605EE8 /* PictographHighlightButton.swift */,
				660BA0611BDDAE9D00605EE8 /* PictographInsetTextField.swift */,
				6647B4431BDF0B7E00235E04 /* PictographSettingsTableViewCell.swift */,
				6647B4471BDF230A00235E04 /* SettingsFooterView.swift */,
			);
			path = Views;
			sourceTree = "<group>";
		};
		6647B4421BDF05C000235E04 /* Base View Controllers */ = {
			isa = PBXGroup;
			children = (
				6647B4401BDF052E00235E04 /* PictographViewController.swift */,
			);
			path = "Base View Controllers";
			sourceTree = "<group>";
		};
		6647B44B1BDF295C00235E04 /* Constants */ = {
			isa = PBXGroup;
			children = (
				6647B4491BDF294900235E04 /* PictographConstants.swift */,
			);
			path = Constants;
			sourceTree = "<group>";
		};
		664C5F7C1E357A2E004E1FA9 /* Pictograph Mac */ = {
			isa = PBXGroup;
			children = (
				664C62991EA3DF1D0056927A /* View Controllers */,
				664C629C1EA422DA0056927A /* Views */,
				664C5F7D1E357A2E004E1FA9 /* AppDelegate.swift */,
				664C5F811E357A2E004E1FA9 /* Assets.xcassets */,
				664C5F861E357A2E004E1FA9 /* Info.plist */,
				664C5F831E357A2E004E1FA9 /* Main.storyboard */,
				6639F5911EA467E60032F56A /* Pictograph Mac.entitlements */,
				66056A851E8DFBC000DE0FB4 /* Pictograph_Mac-Bridging-Header.h */,
				66BEA7851EAD4E940083A6DA /* dsa_pub.pem */,
			);
			path = "Pictograph Mac";
			sourceTree = "<group>";
		};
		664C5F8E1E357A2E004E1FA9 /* Unit Tests */ = {
			isa = PBXGroup;
			children = (
				664C5F911E357A2E004E1FA9 /* Info.plist */,
				667EB69F1EDCCC240035ED4B /* Pictograph_Mac-Bridging-Header.h */,
				664C5F8F1E357A2E004E1FA9 /* Pictograph_MacTests.swift */,
			);
			path = "Unit Tests";
			sourceTree = "<group>";
		};
		664C5F991E357A2E004E1FA9 /* UI Tests */ = {
			isa = PBXGroup;
			children = (
				664C5F9C1E357A2E004E1FA9 /* Info.plist */,
				664C5F9A1E357A2E004E1FA9 /* Pictograph_MacUITests.swift */,
			);
			path = "UI Tests";
			sourceTree = "<group>";
		};
		664C5FA61E357A39004E1FA9 /* iOS */ = {
			isa = PBXGroup;
			children = (
				66F2AA6E1EC2A0FC0020438E /* Message Extension */,
				665883141BBCC72A00CA21A9 /* Pictograph */,
				665883391BBCC72A00CA21A9 /* UI Tests */,
				6658832E1BBCC72A00CA21A9 /* Unit Tests */,
			);
			path = iOS;
			sourceTree = "<group>";
		};
		664C5FA71E357A4F004E1FA9 /* Mac */ = {
			isa = PBXGroup;
			children = (
				664C5F7C1E357A2E004E1FA9 /* Pictograph Mac */,
				664C5F991E357A2E004E1FA9 /* UI Tests */,
				664C5F8E1E357A2E004E1FA9 /* Unit Tests */,
			);
			path = Mac;
			sourceTree = "<group>";
		};
		664C62991EA3DF1D0056927A /* View Controllers */ = {
			isa = PBXGroup;
			children = (
				66E227C01EA2EC5E0089CD48 /* AboutViewController.swift */,
				664C5F7F1E357A2E004E1FA9 /* MainViewController.swift */,
			);
			path = "View Controllers";
			sourceTree = "<group>";
		};
		664C629C1EA422DA0056927A /* Views */ = {
			isa = PBXGroup;
			children = (
				664C629A1EA422D60056927A /* DragAndDropBox.swift */,
			);
			path = Views;
			sourceTree = "<group>";
		};
		665883091BBCC72A00CA21A9 = {
			isa = PBXGroup;
			children = (
				0BEF962BAD82A20EF5B1E3B5 /* Frameworks */,
				664C5FA71E357A4F004E1FA9 /* Mac */,
				5B497145D3CECCE6D0C6598D /* Pods */,
				665883131BBCC72A00CA21A9 /* Products */,
				661571F41BD34761001D6B8F /* Shared */,
				664C5FA61E357A39004E1FA9 /* iOS */,
			);
			sourceTree = "<group>";
		};
		665883131BBCC72A00CA21A9 /* Products */ = {
			isa = PBXGroup;
			children = (
				665883121BBCC72A00CA21A9 /* Pictograph.app */,
				6658832B1BBCC72A00CA21A9 /* PictographTests.xctest */,
				665883361BBCC72A00CA21A9 /* PictographUITests.xctest */,
				664C5F7B1E357A2D004E1FA9 /* Pictograph Mac.app */,
				664C5F8B1E357A2E004E1FA9 /* Pictograph MacTests.xctest */,
				664C5F961E357A2E004E1FA9 /* Pictograph MacUITests.xctest */,
				66F2AA6B1EC2A0FC0020438E /* Pictograph-Messages.appex */,
			);
			name = Products;
			sourceTree = "<group>";
		};
		665883141BBCC72A00CA21A9 /* Pictograph */ = {
			isa = PBXGroup;
			children = (
				6647B44B1BDF295C00235E04 /* Constants */,
				669DFD0D1BD561CF00A0BAC2 /* Errors */,
				6600697A1C552C6D00BA1672 /* Extensions */,
				66B187451C553D6A0057259F /* Protocols */,
				665883151BBCC72A00CA21A9 /* Supporting Files */,
				661571F31BD3474D001D6B8F /* View Controllers */,
				661571F51BD3488A001D6B8F /* Views */,
				660BA01A1BDDA59F00605EE8 /* AppDelegate.swift */,
				660BA0191BDDA59F00605EE8 /* Pictograph-Bridging-Header.h */,
			);
			path = Pictograph;
			sourceTree = "<group>";
		};
		665883151BBCC72A00CA21A9 /* Supporting Files */ = {
			isa = PBXGroup;
			children = (
				665883211BBCC72A00CA21A9 /* Assets.xcassets */,
				665883261BBCC72A00CA21A9 /* Info.plist */,
				665883231BBCC72A00CA21A9 /* LaunchScreen.storyboard */,
			);
			path = "Supporting Files";
			sourceTree = "<group>";
		};
		6658832E1BBCC72A00CA21A9 /* Unit Tests */ = {
			isa = PBXGroup;
			children = (
				665883311BBCC72A00CA21A9 /* Info.plist */,
				66C58B681C1D2FF700C10A06 /* PictographTests-Bridging-Header.h */,
				66C58B691C1D2FF700C10A06 /* PictographTests.swift */,
				6615984D1EDCCF2B009A2E79 /* ImageForTesting.png */,
			);
			path = "Unit Tests";
			sourceTree = "<group>";
		};
		665883391BBCC72A00CA21A9 /* UI Tests */ = {
			isa = PBXGroup;
			children = (
				6658833C1BBCC72A00CA21A9 /* Info.plist */,
				6658833A1BBCC72A00CA21A9 /* PictographUITests.m */,
			);
			path = "UI Tests";
			sourceTree = "<group>";
		};
		669DFD0D1BD561CF00A0BAC2 /* Errors */ = {
			isa = PBXGroup;
			children = (
				669DFD0E1BD561FA00A0BAC2 /* EncodingErrors.h */,
			);
			path = Errors;
			sourceTree = "<group>";
		};
		66B187451C553D6A0057259F /* Protocols */ = {
			isa = PBXGroup;
			children = (
				66B187431C553D660057259F /* CreatesNavigationTitle.swift */,
			);
			path = Protocols;
			sourceTree = "<group>";
		};
		66F2AA6E1EC2A0FC0020438E /* Message Extension */ = {
			isa = PBXGroup;
			children = (
				66F2AA741EC2A0FC0020438E /* Assets.xcassets */,
				66F2AA761EC2A0FC0020438E /* Info.plist */,
				66F2AA711EC2A0FC0020438E /* MainInterface.storyboard */,
				66F2AA6F1EC2A0FC0020438E /* MessagesViewController.swift */,
				66F2AA7E1EC2A4CF0020438E /* Pictograph-Messages-Bridging-Header.h */,
			);
			path = "Message Extension";
			sourceTree = "<group>";
		};
/* End PBXGroup section */

/* Begin PBXNativeTarget section */
		664C5F7A1E357A2D004E1FA9 /* Pictograph Mac */ = {
			isa = PBXNativeTarget;
			buildConfigurationList = 664C5FA31E357A2E004E1FA9 /* Build configuration list for PBXNativeTarget "Pictograph Mac" */;
			buildPhases = (
				72BC2B695063CDB312C4C5EA /* [CP] Check Pods Manifest.lock */,
				664C5F771E357A2D004E1FA9 /* Sources */,
				664C5F781E357A2D004E1FA9 /* Frameworks */,
				664C5F791E357A2D004E1FA9 /* Resources */,
				9D97954BADA006F98094A579 /* [CP] Embed Pods Frameworks */,
				3B770E4240D5D8965A2801B8 /* [CP] Copy Pods Resources */,
			);
			buildRules = (
			);
			dependencies = (
			);
			name = "Pictograph Mac";
			productName = "Pictograph Mac";
			productReference = 664C5F7B1E357A2D004E1FA9 /* Pictograph Mac.app */;
			productType = "com.apple.product-type.application";
		};
		664C5F8A1E357A2E004E1FA9 /* Pictograph MacTests */ = {
			isa = PBXNativeTarget;
			buildConfigurationList = 664C5FA41E357A2E004E1FA9 /* Build configuration list for PBXNativeTarget "Pictograph MacTests" */;
			buildPhases = (
				664C5F871E357A2E004E1FA9 /* Sources */,
				664C5F881E357A2E004E1FA9 /* Frameworks */,
				664C5F891E357A2E004E1FA9 /* Resources */,
			);
			buildRules = (
			);
			dependencies = (
				664C5F8D1E357A2E004E1FA9 /* PBXTargetDependency */,
			);
			name = "Pictograph MacTests";
			productName = "Pictograph MacTests";
			productReference = 664C5F8B1E357A2E004E1FA9 /* Pictograph MacTests.xctest */;
			productType = "com.apple.product-type.bundle.unit-test";
		};
		664C5F951E357A2E004E1FA9 /* Pictograph MacUITests */ = {
			isa = PBXNativeTarget;
			buildConfigurationList = 664C5FA51E357A2E004E1FA9 /* Build configuration list for PBXNativeTarget "Pictograph MacUITests" */;
			buildPhases = (
				664C5F921E357A2E004E1FA9 /* Sources */,
				664C5F931E357A2E004E1FA9 /* Frameworks */,
				664C5F941E357A2E004E1FA9 /* Resources */,
			);
			buildRules = (
			);
			dependencies = (
				664C5F981E357A2E004E1FA9 /* PBXTargetDependency */,
			);
			name = "Pictograph MacUITests";
			productName = "Pictograph MacUITests";
			productReference = 664C5F961E357A2E004E1FA9 /* Pictograph MacUITests.xctest */;
			productType = "com.apple.product-type.bundle.ui-testing";
		};
		665883111BBCC72A00CA21A9 /* Pictograph */ = {
			isa = PBXNativeTarget;
			buildConfigurationList = 6658833F1BBCC72A00CA21A9 /* Build configuration list for PBXNativeTarget "Pictograph" */;
			buildPhases = (
				2376EE238E378B218BC29C24 /* [CP] Check Pods Manifest.lock */,
				6658830E1BBCC72A00CA21A9 /* Sources */,
				6658830F1BBCC72A00CA21A9 /* Frameworks */,
				665883101BBCC72A00CA21A9 /* Resources */,
				6611EBB61BD9769100E5D12A /* ShellScript */,
				CD2B6B33B7FEF2846B28D0BF /* [CP] Embed Pods Frameworks */,
				16712CA5C6336BAACC265240 /* [CP] Copy Pods Resources */,
				66F2AA7D1EC2A0FC0020438E /* Embed App Extensions */,
			);
			buildRules = (
			);
			dependencies = (
				66F2AA781EC2A0FC0020438E /* PBXTargetDependency */,
			);
			name = Pictograph;
			productName = Pictograph;
			productReference = 665883121BBCC72A00CA21A9 /* Pictograph.app */;
			productType = "com.apple.product-type.application";
		};
		6658832A1BBCC72A00CA21A9 /* PictographTests */ = {
			isa = PBXNativeTarget;
			buildConfigurationList = 665883421BBCC72A00CA21A9 /* Build configuration list for PBXNativeTarget "PictographTests" */;
			buildPhases = (
				26D9FEA8EA475E141847AEEB /* [CP] Check Pods Manifest.lock */,
				665883271BBCC72A00CA21A9 /* Sources */,
				665883281BBCC72A00CA21A9 /* Frameworks */,
				665883291BBCC72A00CA21A9 /* Resources */,
				DDB1099E67B15251B2DD1918 /* [CP] Embed Pods Frameworks */,
				AFD4E719B7CB1DEB19BA9120 /* [CP] Copy Pods Resources */,
			);
			buildRules = (
			);
			dependencies = (
				6658832D1BBCC72A00CA21A9 /* PBXTargetDependency */,
			);
			name = PictographTests;
			productName = PictographTests;
			productReference = 6658832B1BBCC72A00CA21A9 /* PictographTests.xctest */;
			productType = "com.apple.product-type.bundle.unit-test";
		};
		665883351BBCC72A00CA21A9 /* PictographUITests */ = {
			isa = PBXNativeTarget;
			buildConfigurationList = 665883451BBCC72A00CA21A9 /* Build configuration list for PBXNativeTarget "PictographUITests" */;
			buildPhases = (
				D754B396F1E3A2D10F7138D2 /* [CP] Check Pods Manifest.lock */,
				665883321BBCC72A00CA21A9 /* Sources */,
				665883331BBCC72A00CA21A9 /* Frameworks */,
				665883341BBCC72A00CA21A9 /* Resources */,
				994916058F7253F1256EB2BF /* [CP] Copy Pods Resources */,
				B19DB883D424701C8899CAF5 /* [CP] Embed Pods Frameworks */,
			);
			buildRules = (
			);
			dependencies = (
				665883381BBCC72A00CA21A9 /* PBXTargetDependency */,
			);
			name = PictographUITests;
			productName = PictographUITests;
			productReference = 665883361BBCC72A00CA21A9 /* PictographUITests.xctest */;
			productType = "com.apple.product-type.bundle.ui-testing";
		};
		66F2AA6A1EC2A0FC0020438E /* Pictograph-Messages */ = {
			isa = PBXNativeTarget;
			buildConfigurationList = 66F2AA7C1EC2A0FC0020438E /* Build configuration list for PBXNativeTarget "Pictograph-Messages" */;
			buildPhases = (
				66F2AA671EC2A0FC0020438E /* Sources */,
				66F2AA681EC2A0FC0020438E /* Frameworks */,
				66F2AA691EC2A0FC0020438E /* Resources */,
			);
			buildRules = (
			);
			dependencies = (
			);
			name = "Pictograph-Messages";
			productName = "Pictograph-Messages";
			productReference = 66F2AA6B1EC2A0FC0020438E /* Pictograph-Messages.appex */;
			productType = "com.apple.product-type.app-extension.messages";
		};
/* End PBXNativeTarget section */

/* Begin PBXProject section */
		6658830A1BBCC72A00CA21A9 /* Project object */ = {
			isa = PBXProject;
			attributes = {
				LastSwiftUpdateCheck = 0830;
				LastUpgradeCheck = 0810;
				ORGANIZATIONNAME = "Adam Boyd";
				TargetAttributes = {
					664C5F7A1E357A2D004E1FA9 = {
						CreatedOnToolsVersion = 8.2.1;
						DevelopmentTeam = 6GHQ7P7EHA;
						ProvisioningStyle = Automatic;
						SystemCapabilities = {
							com.apple.Sandbox = {
								enabled = 1;
							};
						};
					};
					664C5F8A1E357A2E004E1FA9 = {
						CreatedOnToolsVersion = 8.2.1;
						DevelopmentTeam = 6GHQ7P7EHA;
						ProvisioningStyle = Automatic;
						TestTargetID = 664C5F7A1E357A2D004E1FA9;
					};
					664C5F951E357A2E004E1FA9 = {
						CreatedOnToolsVersion = 8.2.1;
						DevelopmentTeam = 6GHQ7P7EHA;
						ProvisioningStyle = Automatic;
						TestTargetID = 664C5F7A1E357A2D004E1FA9;
					};
					665883111BBCC72A00CA21A9 = {
						CreatedOnToolsVersion = 7.0.1;
						DevelopmentTeam = 6GHQ7P7EHA;
						LastSwiftMigration = 0810;
					};
					6658832A1BBCC72A00CA21A9 = {
						CreatedOnToolsVersion = 7.0.1;
						LastSwiftMigration = 0810;
						TestTargetID = 665883111BBCC72A00CA21A9;
					};
					665883351BBCC72A00CA21A9 = {
						CreatedOnToolsVersion = 7.0.1;
						TestTargetID = 665883111BBCC72A00CA21A9;
					};
					66F2AA6A1EC2A0FC0020438E = {
						CreatedOnToolsVersion = 8.3.2;
						DevelopmentTeam = 6GHQ7P7EHA;
						ProvisioningStyle = Automatic;
					};
				};
			};
			buildConfigurationList = 6658830D1BBCC72A00CA21A9 /* Build configuration list for PBXProject "Pictograph" */;
			compatibilityVersion = "Xcode 3.2";
			developmentRegion = English;
			hasScannedForEncodings = 0;
			knownRegions = (
				en,
				Base,
			);
			mainGroup = 665883091BBCC72A00CA21A9;
			productRefGroup = 665883131BBCC72A00CA21A9 /* Products */;
			projectDirPath = "";
			projectRoot = "";
			targets = (
				665883111BBCC72A00CA21A9 /* Pictograph */,
				6658832A1BBCC72A00CA21A9 /* PictographTests */,
				665883351BBCC72A00CA21A9 /* PictographUITests */,
				66F2AA6A1EC2A0FC0020438E /* Pictograph-Messages */,
				664C5F7A1E357A2D004E1FA9 /* Pictograph Mac */,
				664C5F8A1E357A2E004E1FA9 /* Pictograph MacTests */,
				664C5F951E357A2E004E1FA9 /* Pictograph MacUITests */,
			);
		};
/* End PBXProject section */

/* Begin PBXResourcesBuildPhase section */
		664C5F791E357A2D004E1FA9 /* Resources */ = {
			isa = PBXResourcesBuildPhase;
			buildActionMask = 2147483647;
			files = (
				664C5F821E357A2E004E1FA9 /* Assets.xcassets in Resources */,
				66BEA7861EAD4E940083A6DA /* dsa_pub.pem in Resources */,
				664C5F851E357A2E004E1FA9 /* Main.storyboard in Resources */,
			);
			runOnlyForDeploymentPostprocessing = 0;
		};
		664C5F891E357A2E004E1FA9 /* Resources */ = {
			isa = PBXResourcesBuildPhase;
			buildActionMask = 2147483647;
			files = (
				6615984F1EDCCF2B009A2E79 /* ImageForTesting.png in Resources */,
			);
			runOnlyForDeploymentPostprocessing = 0;
		};
		664C5F941E357A2E004E1FA9 /* Resources */ = {
			isa = PBXResourcesBuildPhase;
			buildActionMask = 2147483647;
			files = (
			);
			runOnlyForDeploymentPostprocessing = 0;
		};
		665883101BBCC72A00CA21A9 /* Resources */ = {
			isa = PBXResourcesBuildPhase;
			buildActionMask = 2147483647;
			files = (
				665883251BBCC72A00CA21A9 /* LaunchScreen.storyboard in Resources */,
				665883221BBCC72A00CA21A9 /* Assets.xcassets in Resources */,
			);
			runOnlyForDeploymentPostprocessing = 0;
		};
		665883291BBCC72A00CA21A9 /* Resources */ = {
			isa = PBXResourcesBuildPhase;
			buildActionMask = 2147483647;
			files = (
				6615984E1EDCCF2B009A2E79 /* ImageForTesting.png in Resources */,
			);
			runOnlyForDeploymentPostprocessing = 0;
		};
		665883341BBCC72A00CA21A9 /* Resources */ = {
			isa = PBXResourcesBuildPhase;
			buildActionMask = 2147483647;
			files = (
			);
			runOnlyForDeploymentPostprocessing = 0;
		};
		66F2AA691EC2A0FC0020438E /* Resources */ = {
			isa = PBXResourcesBuildPhase;
			buildActionMask = 2147483647;
			files = (
				66F2AA751EC2A0FC0020438E /* Assets.xcassets in Resources */,
				66F2AA731EC2A0FC0020438E /* MainInterface.storyboard in Resources */,
			);
			runOnlyForDeploymentPostprocessing = 0;
		};
/* End PBXResourcesBuildPhase section */

/* Begin PBXShellScriptBuildPhase section */
		16712CA5C6336BAACC265240 /* [CP] Copy Pods Resources */ = {
			isa = PBXShellScriptBuildPhase;
			buildActionMask = 2147483647;
			files = (
			);
			inputPaths = (
			);
			name = "[CP] Copy Pods Resources";
			outputPaths = (
			);
			runOnlyForDeploymentPostprocessing = 0;
			shellPath = /bin/sh;
			shellScript = "\"${SRCROOT}/Pods/Target Support Files/Pods-Pictograph/Pods-Pictograph-resources.sh\"\n";
			showEnvVarsInLog = 0;
		};
		2376EE238E378B218BC29C24 /* [CP] Check Pods Manifest.lock */ = {
			isa = PBXShellScriptBuildPhase;
			buildActionMask = 2147483647;
			files = (
			);
			inputPaths = (
			);
			name = "[CP] Check Pods Manifest.lock";
			outputPaths = (
			);
			runOnlyForDeploymentPostprocessing = 0;
			shellPath = /bin/sh;
			shellScript = "diff \"${PODS_ROOT}/../Podfile.lock\" \"${PODS_ROOT}/Manifest.lock\" > /dev/null\nif [ $? != 0 ] ; then\n    # print error to STDERR\n    echo \"error: The sandbox is not in sync with the Podfile.lock. Run 'pod install' or update your CocoaPods installation.\" >&2\n    exit 1\nfi\n";
			showEnvVarsInLog = 0;
		};
		26D9FEA8EA475E141847AEEB /* [CP] Check Pods Manifest.lock */ = {
			isa = PBXShellScriptBuildPhase;
			buildActionMask = 2147483647;
			files = (
			);
			inputPaths = (
			);
			name = "[CP] Check Pods Manifest.lock";
			outputPaths = (
			);
			runOnlyForDeploymentPostprocessing = 0;
			shellPath = /bin/sh;
			shellScript = "diff \"${PODS_ROOT}/../Podfile.lock\" \"${PODS_ROOT}/Manifest.lock\" > /dev/null\nif [ $? != 0 ] ; then\n    # print error to STDERR\n    echo \"error: The sandbox is not in sync with the Podfile.lock. Run 'pod install' or update your CocoaPods installation.\" >&2\n    exit 1\nfi\n";
			showEnvVarsInLog = 0;
		};
		3B770E4240D5D8965A2801B8 /* [CP] Copy Pods Resources */ = {
			isa = PBXShellScriptBuildPhase;
			buildActionMask = 2147483647;
			files = (
			);
			inputPaths = (
			);
			name = "[CP] Copy Pods Resources";
			outputPaths = (
			);
			runOnlyForDeploymentPostprocessing = 0;
			shellPath = /bin/sh;
			shellScript = "\"${SRCROOT}/Pods/Target Support Files/Pods-Pictograph Mac/Pods-Pictograph Mac-resources.sh\"\n";
			showEnvVarsInLog = 0;
		};
		6611EBB61BD9769100E5D12A /* ShellScript */ = {
			isa = PBXShellScriptBuildPhase;
			buildActionMask = 2147483647;
			files = (
			);
			inputPaths = (
			);
			outputPaths = (
			);
			runOnlyForDeploymentPostprocessing = 0;
			shellPath = /bin/sh;
			shellScript = "\"${PODS_ROOT}/Fabric/run\" ddc2645d54ae392a8abd36a8dbbccb41fca3541d ec4418504bf66c40bfd19499c14e2f454e4ae3fa366b7699d1092e7ef7815f1b";
		};
		72BC2B695063CDB312C4C5EA /* [CP] Check Pods Manifest.lock */ = {
			isa = PBXShellScriptBuildPhase;
			buildActionMask = 2147483647;
			files = (
			);
			inputPaths = (
			);
			name = "[CP] Check Pods Manifest.lock";
			outputPaths = (
			);
			runOnlyForDeploymentPostprocessing = 0;
			shellPath = /bin/sh;
			shellScript = "diff \"${PODS_ROOT}/../Podfile.lock\" \"${PODS_ROOT}/Manifest.lock\" > /dev/null\nif [ $? != 0 ] ; then\n    # print error to STDERR\n    echo \"error: The sandbox is not in sync with the Podfile.lock. Run 'pod install' or update your CocoaPods installation.\" >&2\n    exit 1\nfi\n";
			showEnvVarsInLog = 0;
		};
		994916058F7253F1256EB2BF /* [CP] Copy Pods Resources */ = {
			isa = PBXShellScriptBuildPhase;
			buildActionMask = 2147483647;
			files = (
			);
			inputPaths = (
			);
			name = "[CP] Copy Pods Resources";
			outputPaths = (
			);
			runOnlyForDeploymentPostprocessing = 0;
			shellPath = /bin/sh;
			shellScript = "\"${SRCROOT}/Pods/Target Support Files/Pods-PictographUITests/Pods-PictographUITests-resources.sh\"\n";
			showEnvVarsInLog = 0;
		};
		9D97954BADA006F98094A579 /* [CP] Embed Pods Frameworks */ = {
			isa = PBXShellScriptBuildPhase;
			buildActionMask = 2147483647;
			files = (
			);
			inputPaths = (
			);
			name = "[CP] Embed Pods Frameworks";
			outputPaths = (
			);
			runOnlyForDeploymentPostprocessing = 0;
			shellPath = /bin/sh;
			shellScript = "\"${SRCROOT}/Pods/Target Support Files/Pods-Pictograph Mac/Pods-Pictograph Mac-frameworks.sh\"\n";
			showEnvVarsInLog = 0;
		};
		AFD4E719B7CB1DEB19BA9120 /* [CP] Copy Pods Resources */ = {
			isa = PBXShellScriptBuildPhase;
			buildActionMask = 2147483647;
			files = (
			);
			inputPaths = (
			);
			name = "[CP] Copy Pods Resources";
			outputPaths = (
			);
			runOnlyForDeploymentPostprocessing = 0;
			shellPath = /bin/sh;
			shellScript = "\"${SRCROOT}/Pods/Target Support Files/Pods-PictographTests/Pods-PictographTests-resources.sh\"\n";
			showEnvVarsInLog = 0;
		};
		B19DB883D424701C8899CAF5 /* [CP] Embed Pods Frameworks */ = {
			isa = PBXShellScriptBuildPhase;
			buildActionMask = 2147483647;
			files = (
			);
			inputPaths = (
			);
			name = "[CP] Embed Pods Frameworks";
			outputPaths = (
			);
			runOnlyForDeploymentPostprocessing = 0;
			shellPath = /bin/sh;
			shellScript = "\"${SRCROOT}/Pods/Target Support Files/Pods-PictographUITests/Pods-PictographUITests-frameworks.sh\"\n";
			showEnvVarsInLog = 0;
		};
		CD2B6B33B7FEF2846B28D0BF /* [CP] Embed Pods Frameworks */ = {
			isa = PBXShellScriptBuildPhase;
			buildActionMask = 2147483647;
			files = (
			);
			inputPaths = (
			);
			name = "[CP] Embed Pods Frameworks";
			outputPaths = (
			);
			runOnlyForDeploymentPostprocessing = 0;
			shellPath = /bin/sh;
			shellScript = "\"${SRCROOT}/Pods/Target Support Files/Pods-Pictograph/Pods-Pictograph-frameworks.sh\"\n";
			showEnvVarsInLog = 0;
		};
		D754B396F1E3A2D10F7138D2 /* [CP] Check Pods Manifest.lock */ = {
			isa = PBXShellScriptBuildPhase;
			buildActionMask = 2147483647;
			files = (
			);
			inputPaths = (
			);
			name = "[CP] Check Pods Manifest.lock";
			outputPaths = (
			);
			runOnlyForDeploymentPostprocessing = 0;
			shellPath = /bin/sh;
			shellScript = "diff \"${PODS_ROOT}/../Podfile.lock\" \"${PODS_ROOT}/Manifest.lock\" > /dev/null\nif [ $? != 0 ] ; then\n    # print error to STDERR\n    echo \"error: The sandbox is not in sync with the Podfile.lock. Run 'pod install' or update your CocoaPods installation.\" >&2\n    exit 1\nfi\n";
			showEnvVarsInLog = 0;
		};
		DDB1099E67B15251B2DD1918 /* [CP] Embed Pods Frameworks */ = {
			isa = PBXShellScriptBuildPhase;
			buildActionMask = 2147483647;
			files = (
			);
			inputPaths = (
			);
			name = "[CP] Embed Pods Frameworks";
			outputPaths = (
			);
			runOnlyForDeploymentPostprocessing = 0;
			shellPath = /bin/sh;
			shellScript = "\"${SRCROOT}/Pods/Target Support Files/Pods-PictographTests/Pods-PictographTests-frameworks.sh\"\n";
			showEnvVarsInLog = 0;
		};
/* End PBXShellScriptBuildPhase section */

/* Begin PBXSourcesBuildPhase section */
		664C5F771E357A2D004E1FA9 /* Sources */ = {
			isa = PBXSourcesBuildPhase;
			buildActionMask = 2147483647;
			files = (
				66E227C71EA3173C0089CD48 /* PictographImage+Reconciliation.m in Sources */,
				666A96B71E41836900107630 /* CurrentUser.swift in Sources */,
				666AD9CA1E41828C006B37FB /* PictographDataController.swift in Sources */,
				66E227C11EA2EC5E0089CD48 /* AboutViewController.swift in Sources */,
				664C5F801E357A2E004E1FA9 /* MainViewController.swift in Sources */,
				66E227C41EA316A00089CD48 /* PictographImageCoder.m in Sources */,
				664C629B1EA422D60056927A /* DragAndDropBox.swift in Sources */,
				664C5F7E1E357A2E004E1FA9 /* AppDelegate.swift in Sources */,
			);
			runOnlyForDeploymentPostprocessing = 0;
		};
		664C5F871E357A2E004E1FA9 /* Sources */ = {
			isa = PBXSourcesBuildPhase;
			buildActionMask = 2147483647;
			files = (
				664C5F901E357A2E004E1FA9 /* Pictograph_MacTests.swift in Sources */,
			);
			runOnlyForDeploymentPostprocessing = 0;
		};
		664C5F921E357A2E004E1FA9 /* Sources */ = {
			isa = PBXSourcesBuildPhase;
			buildActionMask = 2147483647;
			files = (
				664C5F9B1E357A2E004E1FA9 /* Pictograph_MacUITests.swift in Sources */,
			);
			runOnlyForDeploymentPostprocessing = 0;
		};
		6658830E1BBCC72A00CA21A9 /* Sources */ = {
			isa = PBXSourcesBuildPhase;
			buildActionMask = 2147483647;
			files = (
				666DF8C31EA31D94009BBEC2 /* PictographImageCoder.m in Sources */,
				6647B43B1BDDCE9800235E04 /* PictographMainViewController.swift in Sources */,
				6647B4441BDF0B7E00235E04 /* PictographSettingsTableViewCell.swift in Sources */,
				6647B43D1BDEF5BF00235E04 /* IntroView.swift in Sources */,
				6647B4481BDF230A00235E04 /* SettingsFooterView.swift in Sources */,
				6647B43F1BDF022E00235E04 /* SettingsViewController.swift in Sources */,
				6647B4391BDDB91900235E04 /* PictographDataController.swift in Sources */,
				660BA0601BDDAB0E00605EE8 /* PictographHighlightButton.swift in Sources */,
				660BA01B1BDDA59F00605EE8 /* AppDelegate.swift in Sources */,
				6600697C1C5531A700BA1672 /* UIImage+CreateImageFromColor.swift in Sources */,
				66E227C81EA3189B0089CD48 /* PictographImage+Reconciliation.m in Sources */,
				6647B44A1BDF294900235E04 /* PictographConstants.swift in Sources */,
				66B187441C553D660057259F /* CreatesNavigationTitle.swift in Sources */,
				660BA0621BDDAE9D00605EE8 /* PictographInsetTextField.swift in Sources */,
				660BA0661BDDB1AE00605EE8 /* CurrentUser.swift in Sources */,
				6647B4411BDF052E00235E04 /* PictographViewController.swift in Sources */,
				660069791C552C6100BA1672 /* AppDelegateExtension.swift in Sources */,
				6647B44D1BDF2CE700235E04 /* MainEncodingView.swift in Sources */,
			);
			runOnlyForDeploymentPostprocessing = 0;
		};
		665883271BBCC72A00CA21A9 /* Sources */ = {
			isa = PBXSourcesBuildPhase;
			buildActionMask = 2147483647;
			files = (
				66C58B6A1C1D2FF700C10A06 /* PictographTests.swift in Sources */,
			);
			runOnlyForDeploymentPostprocessing = 0;
		};
		665883321BBCC72A00CA21A9 /* Sources */ = {
			isa = PBXSourcesBuildPhase;
			buildActionMask = 2147483647;
			files = (
				6658833B1BBCC72A00CA21A9 /* PictographUITests.m in Sources */,
			);
			runOnlyForDeploymentPostprocessing = 0;
		};
		66F2AA671EC2A0FC0020438E /* Sources */ = {
			isa = PBXSourcesBuildPhase;
			buildActionMask = 2147483647;
			files = (
				66F2AA701EC2A0FC0020438E /* MessagesViewController.swift in Sources */,
			);
			runOnlyForDeploymentPostprocessing = 0;
		};
/* End PBXSourcesBuildPhase section */

/* Begin PBXTargetDependency section */
		664C5F8D1E357A2E004E1FA9 /* PBXTargetDependency */ = {
			isa = PBXTargetDependency;
			target = 664C5F7A1E357A2D004E1FA9 /* Pictograph Mac */;
			targetProxy = 664C5F8C1E357A2E004E1FA9 /* PBXContainerItemProxy */;
		};
		664C5F981E357A2E004E1FA9 /* PBXTargetDependency */ = {
			isa = PBXTargetDependency;
			target = 664C5F7A1E357A2D004E1FA9 /* Pictograph Mac */;
			targetProxy = 664C5F971E357A2E004E1FA9 /* PBXContainerItemProxy */;
		};
		6658832D1BBCC72A00CA21A9 /* PBXTargetDependency */ = {
			isa = PBXTargetDependency;
			target = 665883111BBCC72A00CA21A9 /* Pictograph */;
			targetProxy = 6658832C1BBCC72A00CA21A9 /* PBXContainerItemProxy */;
		};
		665883381BBCC72A00CA21A9 /* PBXTargetDependency */ = {
			isa = PBXTargetDependency;
			target = 665883111BBCC72A00CA21A9 /* Pictograph */;
			targetProxy = 665883371BBCC72A00CA21A9 /* PBXContainerItemProxy */;
		};
		66F2AA781EC2A0FC0020438E /* PBXTargetDependency */ = {
			isa = PBXTargetDependency;
			target = 66F2AA6A1EC2A0FC0020438E /* Pictograph-Messages */;
			targetProxy = 66F2AA771EC2A0FC0020438E /* PBXContainerItemProxy */;
		};
/* End PBXTargetDependency section */

/* Begin PBXVariantGroup section */
		664C5F831E357A2E004E1FA9 /* Main.storyboard */ = {
			isa = PBXVariantGroup;
			children = (
				664C5F841E357A2E004E1FA9 /* Base */,
			);
			name = Main.storyboard;
			path = .;
			sourceTree = "<group>";
		};
		665883231BBCC72A00CA21A9 /* LaunchScreen.storyboard */ = {
			isa = PBXVariantGroup;
			children = (
				665883241BBCC72A00CA21A9 /* Base */,
			);
			name = LaunchScreen.storyboard;
			path = .;
			sourceTree = "<group>";
		};
		66F2AA711EC2A0FC0020438E /* MainInterface.storyboard */ = {
			isa = PBXVariantGroup;
			children = (
				66F2AA721EC2A0FC0020438E /* Base */,
			);
			name = MainInterface.storyboard;
			path = .;
			sourceTree = "<group>";
		};
/* End PBXVariantGroup section */

/* Begin XCBuildConfiguration section */
		664C5F9D1E357A2E004E1FA9 /* Debug */ = {
			isa = XCBuildConfiguration;
			baseConfigurationReference = DBC731B497ED747E9D5C8605 /* Pods-Pictograph Mac.debug.xcconfig */;
			buildSettings = {
				ASSETCATALOG_COMPILER_APPICON_NAME = AppIcon;
				CLANG_ANALYZER_NONNULL = YES;
				CLANG_WARN_DOCUMENTATION_COMMENTS = YES;
				CODE_SIGN_ENTITLEMENTS = "Mac/Pictograph Mac/Pictograph Mac.entitlements";
				CODE_SIGN_IDENTITY = "Mac Developer";
				COMBINE_HIDPI_IMAGES = YES;
				DEVELOPMENT_TEAM = 6GHQ7P7EHA;
				INFOPLIST_FILE = "Mac/Pictograph Mac/Info.plist";
				LD_RUNPATH_SEARCH_PATHS = "$(inherited) @executable_path/../Frameworks";
				MACOSX_DEPLOYMENT_TARGET = 10.11;
				PRODUCT_BUNDLE_IDENTIFIER = "com.adam.Pictograph-Mac";
				PRODUCT_NAME = "$(TARGET_NAME)";
				PROVISIONING_PROFILE_SPECIFIER = "";
				SDKROOT = macosx;
				SWIFT_ACTIVE_COMPILATION_CONDITIONS = DEBUG;
				SWIFT_OBJC_BRIDGING_HEADER = "Mac/Pictograph Mac/Pictograph_Mac-Bridging-Header.h";
				SWIFT_OPTIMIZATION_LEVEL = "-Onone";
				SWIFT_VERSION = 3.0;
			};
			name = Debug;
		};
		664C5F9E1E357A2E004E1FA9 /* Release */ = {
			isa = XCBuildConfiguration;
			baseConfigurationReference = 1D97D3A8A50FA821FA4A8A5F /* Pods-Pictograph Mac.release.xcconfig */;
			buildSettings = {
				ASSETCATALOG_COMPILER_APPICON_NAME = AppIcon;
				CLANG_ANALYZER_NONNULL = YES;
				CLANG_WARN_DOCUMENTATION_COMMENTS = YES;
				CODE_SIGN_ENTITLEMENTS = "Mac/Pictograph Mac/Pictograph Mac.entitlements";
				CODE_SIGN_IDENTITY = "Mac Developer";
				COMBINE_HIDPI_IMAGES = YES;
				DEVELOPMENT_TEAM = 6GHQ7P7EHA;
				INFOPLIST_FILE = "Mac/Pictograph Mac/Info.plist";
				LD_RUNPATH_SEARCH_PATHS = "$(inherited) @executable_path/../Frameworks";
				MACOSX_DEPLOYMENT_TARGET = 10.11;
				PRODUCT_BUNDLE_IDENTIFIER = "com.adam.Pictograph-Mac";
				PRODUCT_NAME = "$(TARGET_NAME)";
				PROVISIONING_PROFILE_SPECIFIER = "";
				SDKROOT = macosx;
				SWIFT_OBJC_BRIDGING_HEADER = "Mac/Pictograph Mac/Pictograph_Mac-Bridging-Header.h";
				SWIFT_VERSION = 3.0;
			};
			name = Release;
		};
		664C5F9F1E357A2E004E1FA9 /* Debug */ = {
			isa = XCBuildConfiguration;
			buildSettings = {
				ALWAYS_EMBED_SWIFT_STANDARD_LIBRARIES = YES;
				BUNDLE_LOADER = "$(TEST_HOST)";
				CLANG_ANALYZER_NONNULL = YES;
				CLANG_WARN_DOCUMENTATION_COMMENTS = YES;
				CODE_SIGN_IDENTITY = "Mac Developer";
				COMBINE_HIDPI_IMAGES = YES;
				DEVELOPMENT_TEAM = "";
				INFOPLIST_FILE = "Mac/Unit Tests/Info.plist";
				LD_RUNPATH_SEARCH_PATHS = "$(inherited) @executable_path/../Frameworks @loader_path/../Frameworks";
				MACOSX_DEPLOYMENT_TARGET = 10.12;
				PRODUCT_BUNDLE_IDENTIFIER = "com.adam.Pictograph-MacTests";
				PRODUCT_NAME = "$(TARGET_NAME)";
				PROVISIONING_PROFILE_SPECIFIER = "";
				SDKROOT = macosx;
				SWIFT_ACTIVE_COMPILATION_CONDITIONS = DEBUG;
				SWIFT_OBJC_BRIDGING_HEADER = "Mac/Unit Tests/Pictograph_Mac-Bridging-Header.h";
				SWIFT_OPTIMIZATION_LEVEL = "-Onone";
				SWIFT_VERSION = 3.0;
				TEST_HOST = "$(BUILT_PRODUCTS_DIR)/Pictograph Mac.app/Contents/MacOS/Pictograph Mac";
			};
			name = Debug;
		};
		664C5FA01E357A2E004E1FA9 /* Release */ = {
			isa = XCBuildConfiguration;
			buildSettings = {
				ALWAYS_EMBED_SWIFT_STANDARD_LIBRARIES = YES;
				BUNDLE_LOADER = "$(TEST_HOST)";
				CLANG_ANALYZER_NONNULL = YES;
				CLANG_WARN_DOCUMENTATION_COMMENTS = YES;
				CODE_SIGN_IDENTITY = "Mac Developer";
				COMBINE_HIDPI_IMAGES = YES;
				DEVELOPMENT_TEAM = "";
				INFOPLIST_FILE = "Mac/Unit Tests/Info.plist";
				LD_RUNPATH_SEARCH_PATHS = "$(inherited) @executable_path/../Frameworks @loader_path/../Frameworks";
				MACOSX_DEPLOYMENT_TARGET = 10.12;
				PRODUCT_BUNDLE_IDENTIFIER = "com.adam.Pictograph-MacTests";
				PRODUCT_NAME = "$(TARGET_NAME)";
				PROVISIONING_PROFILE_SPECIFIER = "";
				SDKROOT = macosx;
				SWIFT_OBJC_BRIDGING_HEADER = "Mac/Unit Tests/Pictograph_Mac-Bridging-Header.h";
				SWIFT_VERSION = 3.0;
				TEST_HOST = "$(BUILT_PRODUCTS_DIR)/Pictograph Mac.app/Contents/MacOS/Pictograph Mac";
			};
			name = Release;
		};
		664C5FA11E357A2E004E1FA9 /* Debug */ = {
			isa = XCBuildConfiguration;
			buildSettings = {
				ALWAYS_EMBED_SWIFT_STANDARD_LIBRARIES = YES;
				CLANG_ANALYZER_NONNULL = YES;
				CLANG_WARN_DOCUMENTATION_COMMENTS = YES;
				CODE_SIGN_IDENTITY = "Mac Developer";
				COMBINE_HIDPI_IMAGES = YES;
				DEVELOPMENT_TEAM = "";
				INFOPLIST_FILE = "Mac/UI Tests/Info.plist";
				LD_RUNPATH_SEARCH_PATHS = "$(inherited) @executable_path/../Frameworks @loader_path/../Frameworks";
				MACOSX_DEPLOYMENT_TARGET = 10.12;
				PRODUCT_BUNDLE_IDENTIFIER = "com.adam.Pictograph-MacUITests";
				PRODUCT_NAME = "$(TARGET_NAME)";
				PROVISIONING_PROFILE_SPECIFIER = "";
				SDKROOT = macosx;
				SWIFT_ACTIVE_COMPILATION_CONDITIONS = DEBUG;
				SWIFT_OPTIMIZATION_LEVEL = "-Onone";
				SWIFT_VERSION = 3.0;
				TEST_TARGET_NAME = "Pictograph Mac";
			};
			name = Debug;
		};
		664C5FA21E357A2E004E1FA9 /* Release */ = {
			isa = XCBuildConfiguration;
			buildSettings = {
				ALWAYS_EMBED_SWIFT_STANDARD_LIBRARIES = YES;
				CLANG_ANALYZER_NONNULL = YES;
				CLANG_WARN_DOCUMENTATION_COMMENTS = YES;
				CODE_SIGN_IDENTITY = "Mac Developer";
				COMBINE_HIDPI_IMAGES = YES;
				DEVELOPMENT_TEAM = "";
				INFOPLIST_FILE = "Mac/UI Tests/Info.plist";
				LD_RUNPATH_SEARCH_PATHS = "$(inherited) @executable_path/../Frameworks @loader_path/../Frameworks";
				MACOSX_DEPLOYMENT_TARGET = 10.12;
				PRODUCT_BUNDLE_IDENTIFIER = "com.adam.Pictograph-MacUITests";
				PRODUCT_NAME = "$(TARGET_NAME)";
				PROVISIONING_PROFILE_SPECIFIER = "";
				SDKROOT = macosx;
				SWIFT_VERSION = 3.0;
				TEST_TARGET_NAME = "Pictograph Mac";
			};
			name = Release;
		};
		6658833D1BBCC72A00CA21A9 /* Debug */ = {
			isa = XCBuildConfiguration;
			buildSettings = {
				ALWAYS_SEARCH_USER_PATHS = NO;
				CLANG_CXX_LANGUAGE_STANDARD = "gnu++0x";
				CLANG_CXX_LIBRARY = "libc++";
				CLANG_ENABLE_MODULES = YES;
				CLANG_ENABLE_OBJC_ARC = YES;
				CLANG_WARN_BOOL_CONVERSION = YES;
				CLANG_WARN_CONSTANT_CONVERSION = YES;
				CLANG_WARN_DIRECT_OBJC_ISA_USAGE = YES_ERROR;
				CLANG_WARN_EMPTY_BODY = YES;
				CLANG_WARN_ENUM_CONVERSION = YES;
				CLANG_WARN_INFINITE_RECURSION = YES;
				CLANG_WARN_INT_CONVERSION = YES;
				CLANG_WARN_OBJC_ROOT_CLASS = YES_ERROR;
				CLANG_WARN_SUSPICIOUS_MOVE = YES;
				CLANG_WARN_UNREACHABLE_CODE = YES;
				CLANG_WARN__DUPLICATE_METHOD_MATCH = YES;
				"CODE_SIGN_IDENTITY[sdk=iphoneos*]" = "iPhone Developer";
				COPY_PHASE_STRIP = NO;
				DEBUG_INFORMATION_FORMAT = dwarf;
				ENABLE_STRICT_OBJC_MSGSEND = YES;
				ENABLE_TESTABILITY = YES;
				GCC_C_LANGUAGE_STANDARD = gnu99;
				GCC_DYNAMIC_NO_PIC = NO;
				GCC_NO_COMMON_BLOCKS = YES;
				GCC_OPTIMIZATION_LEVEL = 0;
				GCC_PREPROCESSOR_DEFINITIONS = (
					"DEBUG=1",
					"$(inherited)",
				);
				GCC_WARN_64_TO_32_BIT_CONVERSION = YES;
				GCC_WARN_ABOUT_RETURN_TYPE = YES_ERROR;
				GCC_WARN_UNDECLARED_SELECTOR = YES;
				GCC_WARN_UNINITIALIZED_AUTOS = YES_AGGRESSIVE;
				GCC_WARN_UNUSED_FUNCTION = YES;
				GCC_WARN_UNUSED_VARIABLE = YES;
				IPHONEOS_DEPLOYMENT_TARGET = 9.0;
				MTL_ENABLE_DEBUG_INFO = YES;
				ONLY_ACTIVE_ARCH = YES;
				SDKROOT = iphoneos;
				TARGETED_DEVICE_FAMILY = "1,2";
			};
			name = Debug;
		};
		6658833E1BBCC72A00CA21A9 /* Release */ = {
			isa = XCBuildConfiguration;
			buildSettings = {
				ALWAYS_SEARCH_USER_PATHS = NO;
				CLANG_CXX_LANGUAGE_STANDARD = "gnu++0x";
				CLANG_CXX_LIBRARY = "libc++";
				CLANG_ENABLE_MODULES = YES;
				CLANG_ENABLE_OBJC_ARC = YES;
				CLANG_WARN_BOOL_CONVERSION = YES;
				CLANG_WARN_CONSTANT_CONVERSION = YES;
				CLANG_WARN_DIRECT_OBJC_ISA_USAGE = YES_ERROR;
				CLANG_WARN_EMPTY_BODY = YES;
				CLANG_WARN_ENUM_CONVERSION = YES;
				CLANG_WARN_INFINITE_RECURSION = YES;
				CLANG_WARN_INT_CONVERSION = YES;
				CLANG_WARN_OBJC_ROOT_CLASS = YES_ERROR;
				CLANG_WARN_SUSPICIOUS_MOVE = YES;
				CLANG_WARN_UNREACHABLE_CODE = YES;
				CLANG_WARN__DUPLICATE_METHOD_MATCH = YES;
				"CODE_SIGN_IDENTITY[sdk=iphoneos*]" = "iPhone Developer";
				COPY_PHASE_STRIP = NO;
				DEBUG_INFORMATION_FORMAT = "dwarf-with-dsym";
				ENABLE_NS_ASSERTIONS = NO;
				ENABLE_STRICT_OBJC_MSGSEND = YES;
				GCC_C_LANGUAGE_STANDARD = gnu99;
				GCC_NO_COMMON_BLOCKS = YES;
				GCC_WARN_64_TO_32_BIT_CONVERSION = YES;
				GCC_WARN_ABOUT_RETURN_TYPE = YES_ERROR;
				GCC_WARN_UNDECLARED_SELECTOR = YES;
				GCC_WARN_UNINITIALIZED_AUTOS = YES_AGGRESSIVE;
				GCC_WARN_UNUSED_FUNCTION = YES;
				GCC_WARN_UNUSED_VARIABLE = YES;
				IPHONEOS_DEPLOYMENT_TARGET = 9.0;
				MTL_ENABLE_DEBUG_INFO = NO;
				SDKROOT = iphoneos;
				SWIFT_OPTIMIZATION_LEVEL = "-Owholemodule";
				TARGETED_DEVICE_FAMILY = "1,2";
				VALIDATE_PRODUCT = YES;
			};
			name = Release;
		};
		665883401BBCC72A00CA21A9 /* Debug */ = {
			isa = XCBuildConfiguration;
			baseConfigurationReference = B4B622BB77E2CDC0B762E8FD /* Pods-Pictograph.debug.xcconfig */;
			buildSettings = {
				ALWAYS_EMBED_SWIFT_STANDARD_LIBRARIES = YES;
				ASSETCATALOG_COMPILER_APPICON_NAME = AppIcon;
				CLANG_ENABLE_MODULES = YES;
				CODE_SIGN_IDENTITY = "iPhone Developer";
				DEBUG_INFORMATION_FORMAT = "dwarf-with-dsym";
				INFOPLIST_FILE = "iOS/Pictograph/Supporting Files/Info.plist";
				IPHONEOS_DEPLOYMENT_TARGET = 9.0;
				LD_RUNPATH_SEARCH_PATHS = "$(inherited) @executable_path/Frameworks";
				PRODUCT_BUNDLE_IDENTIFIER = com.adam.Pictograph;
				PRODUCT_NAME = "$(TARGET_NAME)";
				SWIFT_OBJC_BRIDGING_HEADER = "iOS/Pictograph/Pictograph-Bridging-Header.h";
				SWIFT_OPTIMIZATION_LEVEL = "-Onone";
				SWIFT_VERSION = 3.0;
				TARGETED_DEVICE_FAMILY = "1,2";
			};
			name = Debug;
		};
		665883411BBCC72A00CA21A9 /* Release */ = {
			isa = XCBuildConfiguration;
			baseConfigurationReference = 9060C7E7281D0FCEEC49EEEF /* Pods-Pictograph.release.xcconfig */;
			buildSettings = {
				ALWAYS_EMBED_SWIFT_STANDARD_LIBRARIES = YES;
				ASSETCATALOG_COMPILER_APPICON_NAME = AppIcon;
				CLANG_ENABLE_MODULES = YES;
				CODE_SIGN_IDENTITY = "iPhone Developer";
				INFOPLIST_FILE = "iOS/Pictograph/Supporting Files/Info.plist";
				IPHONEOS_DEPLOYMENT_TARGET = 9.0;
				LD_RUNPATH_SEARCH_PATHS = "$(inherited) @executable_path/Frameworks";
				PRODUCT_BUNDLE_IDENTIFIER = com.adam.Pictograph;
				PRODUCT_NAME = "$(TARGET_NAME)";
				SWIFT_OBJC_BRIDGING_HEADER = "iOS/Pictograph/Pictograph-Bridging-Header.h";
				SWIFT_VERSION = 3.0;
				TARGETED_DEVICE_FAMILY = "1,2";
			};
			name = Release;
		};
		665883431BBCC72A00CA21A9 /* Debug */ = {
			isa = XCBuildConfiguration;
			baseConfigurationReference = D7932AB70CF6D0116191AD8C /* Pods-PictographTests.debug.xcconfig */;
			buildSettings = {
				BUNDLE_LOADER = "$(TEST_HOST)";
				CLANG_ENABLE_MODULES = YES;
				INFOPLIST_FILE = "iOS/Unit Tests/Info.plist";
				LD_RUNPATH_SEARCH_PATHS = "$(inherited) @executable_path/Frameworks @loader_path/Frameworks";
				PRODUCT_BUNDLE_IDENTIFIER = "Adam-Boyd.PictographTests";
				PRODUCT_NAME = "$(TARGET_NAME)";
				SWIFT_OBJC_BRIDGING_HEADER = "iOS/Unit Tests/PictographTests-Bridging-Header.h";
				SWIFT_OPTIMIZATION_LEVEL = "-Onone";
				SWIFT_VERSION = 3.0;
				TEST_HOST = "$(BUILT_PRODUCTS_DIR)/Pictograph.app/Pictograph";
			};
			name = Debug;
		};
		665883441BBCC72A00CA21A9 /* Release */ = {
			isa = XCBuildConfiguration;
			baseConfigurationReference = 3C713F8D0C59FEC401E4FD69 /* Pods-PictographTests.release.xcconfig */;
			buildSettings = {
				BUNDLE_LOADER = "$(TEST_HOST)";
				CLANG_ENABLE_MODULES = YES;
				INFOPLIST_FILE = "iOS/Unit Tests/Info.plist";
				LD_RUNPATH_SEARCH_PATHS = "$(inherited) @executable_path/Frameworks @loader_path/Frameworks";
				PRODUCT_BUNDLE_IDENTIFIER = "Adam-Boyd.PictographTests";
				PRODUCT_NAME = "$(TARGET_NAME)";
				SWIFT_OBJC_BRIDGING_HEADER = "iOS/Unit Tests/PictographTests-Bridging-Header.h";
				SWIFT_VERSION = 3.0;
				TEST_HOST = "$(BUILT_PRODUCTS_DIR)/Pictograph.app/Pictograph";
			};
			name = Release;
		};
		665883461BBCC72A00CA21A9 /* Debug */ = {
			isa = XCBuildConfiguration;
			baseConfigurationReference = 98A0A9CF4FB23A5E0E184484 /* Pods-PictographUITests.debug.xcconfig */;
			buildSettings = {
				INFOPLIST_FILE = "iOS/UI Tests/Info.plist";
				LD_RUNPATH_SEARCH_PATHS = "$(inherited) @executable_path/Frameworks @loader_path/Frameworks";
				PRODUCT_BUNDLE_IDENTIFIER = "Adam-Boyd.PictographUITests";
				PRODUCT_NAME = "$(TARGET_NAME)";
				TEST_TARGET_NAME = Pictograph;
				USES_XCTRUNNER = YES;
			};
			name = Debug;
		};
		665883471BBCC72A00CA21A9 /* Release */ = {
			isa = XCBuildConfiguration;
			baseConfigurationReference = D37635E967A9E7155D358111 /* Pods-PictographUITests.release.xcconfig */;
			buildSettings = {
				INFOPLIST_FILE = "iOS/UI Tests/Info.plist";
				LD_RUNPATH_SEARCH_PATHS = "$(inherited) @executable_path/Frameworks @loader_path/Frameworks";
				PRODUCT_BUNDLE_IDENTIFIER = "Adam-Boyd.PictographUITests";
				PRODUCT_NAME = "$(TARGET_NAME)";
				TEST_TARGET_NAME = Pictograph;
				USES_XCTRUNNER = YES;
			};
			name = Release;
		};
		66F2AA7A1EC2A0FC0020438E /* Debug */ = {
			isa = XCBuildConfiguration;
			buildSettings = {
				ASSETCATALOG_COMPILER_APPICON_NAME = "iMessage App Icon";
				CLANG_ANALYZER_NONNULL = YES;
				CLANG_ANALYZER_NUMBER_OBJECT_CONVERSION = YES_AGGRESSIVE;
				CLANG_WARN_DOCUMENTATION_COMMENTS = YES;
				CODE_SIGN_IDENTITY = "iPhone Developer";
				DEVELOPMENT_TEAM = 6GHQ7P7EHA;
				INFOPLIST_FILE = "iOS/Message Extension/Info.plist";
				IPHONEOS_DEPLOYMENT_TARGET = 10.3;
				LD_RUNPATH_SEARCH_PATHS = "$(inherited) @executable_path/Frameworks @executable_path/../../Frameworks";
				PRODUCT_BUNDLE_IDENTIFIER = "com.adam.Pictograph.Pictograph-Messages";
				PRODUCT_NAME = "$(TARGET_NAME)";
				SKIP_INSTALL = YES;
				SWIFT_ACTIVE_COMPILATION_CONDITIONS = DEBUG;
				SWIFT_OBJC_BRIDGING_HEADER = "iOS/Message Extension/Pictograph-Messages-Bridging-Header.h";
				SWIFT_OPTIMIZATION_LEVEL = "-Onone";
				SWIFT_VERSION = 3.0;
			};
			name = Debug;
		};
		66F2AA7B1EC2A0FC0020438E /* Release */ = {
			isa = XCBuildConfiguration;
			buildSettings = {
				ASSETCATALOG_COMPILER_APPICON_NAME = "iMessage App Icon";
				CLANG_ANALYZER_NONNULL = YES;
				CLANG_ANALYZER_NUMBER_OBJECT_CONVERSION = YES_AGGRESSIVE;
				CLANG_WARN_DOCUMENTATION_COMMENTS = YES;
				CODE_SIGN_IDENTITY = "iPhone Developer";
				DEVELOPMENT_TEAM = 6GHQ7P7EHA;
				INFOPLIST_FILE = "iOS/Message Extension/Info.plist";
				IPHONEOS_DEPLOYMENT_TARGET = 10.3;
				LD_RUNPATH_SEARCH_PATHS = "$(inherited) @executable_path/Frameworks @executable_path/../../Frameworks";
				PRODUCT_BUNDLE_IDENTIFIER = "com.adam.Pictograph.Pictograph-Messages";
				PRODUCT_NAME = "$(TARGET_NAME)";
				SKIP_INSTALL = YES;
				SWIFT_OBJC_BRIDGING_HEADER = "iOS/Message Extension/Pictograph-Messages-Bridging-Header.h";
				SWIFT_VERSION = 3.0;
			};
			name = Release;
		};
/* End XCBuildConfiguration section */

/* Begin XCConfigurationList section */
		664C5FA31E357A2E004E1FA9 /* Build configuration list for PBXNativeTarget "Pictograph Mac" */ = {
			isa = XCConfigurationList;
			buildConfigurations = (
				664C5F9D1E357A2E004E1FA9 /* Debug */,
				664C5F9E1E357A2E004E1FA9 /* Release */,
			);
			defaultConfigurationIsVisible = 0;
			defaultConfigurationName = Release;
		};
		664C5FA41E357A2E004E1FA9 /* Build configuration list for PBXNativeTarget "Pictograph MacTests" */ = {
			isa = XCConfigurationList;
			buildConfigurations = (
				664C5F9F1E357A2E004E1FA9 /* Debug */,
				664C5FA01E357A2E004E1FA9 /* Release */,
			);
			defaultConfigurationIsVisible = 0;
			defaultConfigurationName = Release;
		};
		664C5FA51E357A2E004E1FA9 /* Build configuration list for PBXNativeTarget "Pictograph MacUITests" */ = {
			isa = XCConfigurationList;
			buildConfigurations = (
				664C5FA11E357A2E004E1FA9 /* Debug */,
				664C5FA21E357A2E004E1FA9 /* Release */,
			);
			defaultConfigurationIsVisible = 0;
			defaultConfigurationName = Release;
		};
		6658830D1BBCC72A00CA21A9 /* Build configuration list for PBXProject "Pictograph" */ = {
			isa = XCConfigurationList;
			buildConfigurations = (
				6658833D1BBCC72A00CA21A9 /* Debug */,
				6658833E1BBCC72A00CA21A9 /* Release */,
			);
			defaultConfigurationIsVisible = 0;
			defaultConfigurationName = Release;
		};
		6658833F1BBCC72A00CA21A9 /* Build configuration list for PBXNativeTarget "Pictograph" */ = {
			isa = XCConfigurationList;
			buildConfigurations = (
				665883401BBCC72A00CA21A9 /* Debug */,
				665883411BBCC72A00CA21A9 /* Release */,
			);
			defaultConfigurationIsVisible = 0;
			defaultConfigurationName = Release;
		};
		665883421BBCC72A00CA21A9 /* Build configuration list for PBXNativeTarget "PictographTests" */ = {
			isa = XCConfigurationList;
			buildConfigurations = (
				665883431BBCC72A00CA21A9 /* Debug */,
				665883441BBCC72A00CA21A9 /* Release */,
			);
			defaultConfigurationIsVisible = 0;
			defaultConfigurationName = Release;
		};
		665883451BBCC72A00CA21A9 /* Build configuration list for PBXNativeTarget "PictographUITests" */ = {
			isa = XCConfigurationList;
			buildConfigurations = (
				665883461BBCC72A00CA21A9 /* Debug */,
				665883471BBCC72A00CA21A9 /* Release */,
			);
			defaultConfigurationIsVisible = 0;
			defaultConfigurationName = Release;
		};
		66F2AA7C1EC2A0FC0020438E /* Build configuration list for PBXNativeTarget "Pictograph-Messages" */ = {
			isa = XCConfigurationList;
			buildConfigurations = (
				66F2AA7A1EC2A0FC0020438E /* Debug */,
				66F2AA7B1EC2A0FC0020438E /* Release */,
			);
			defaultConfigurationIsVisible = 0;
			defaultConfigurationName = Release;
		};
/* End XCConfigurationList section */
	};
	rootObject = 6658830A1BBCC72A00CA21A9 /* Project object */;
}
